
Microsoft Visual Studio Solution File, Format Version 12.00
# Visual Studio 15
VisualStudioVersion = 15.0.27130.2010
MinimumVisualStudioVersion = 10.0.40219.1
Project("{2150E333-8FDC-42A3-9474-1A3956D46DE8}") = "src", "src", "{1F97D5A4-285F-4962-8F8C-BCEF8278143B}"
EndProject
Project("{2150E333-8FDC-42A3-9474-1A3956D46DE8}") = "Solution Items", "Solution Items", "{EA7DA5A5-A451-4637-8D7F-E54727C68BD3}"
	ProjectSection(SolutionItems) = preProject
		Clean.cmd = Clean.cmd
		NuGet.Config = NuGet.Config
	EndProjectSection
EndProject
Project("{2150E333-8FDC-42A3-9474-1A3956D46DE8}") = "test", "test", "{ABC72801-895A-4C64-B795-B8CD5B56CEA8}"
EndProject
Project("{2150E333-8FDC-42A3-9474-1A3956D46DE8}") = "shared", "shared", "{4744CD6C-82C3-4D38-A708-3D301A74397F}"
EndProject
Project("{9A19103F-16F7-4668-BE54-9A1E7A4F7556}") = "NLog.Extensions.Logging", "src\NLog.Extensions.Logging\NLog.Extensions.Logging.csproj", "{5C5BD8E9-3529-4798-B0F0-0B6517F13325}"
EndProject
Project("{9A19103F-16F7-4668-BE54-9A1E7A4F7556}") = "Serilog.Extensions.Logging", "src\Serilog.Extensions.Logging\Serilog.Extensions.Logging.csproj", "{0DA753BB-8AE7-4467-81D3-6661120A286B}"
EndProject
Project("{9A19103F-16F7-4668-BE54-9A1E7A4F7556}") = "Serilog.Extensions.Logging.File", "src\Serilog.Extensions.Logging.File\Serilog.Extensions.Logging.File.csproj", "{FA2EF9A0-90AF-449A-B28B-6ECB6D4E3AC2}"
EndProject
Project("{9A19103F-16F7-4668-BE54-9A1E7A4F7556}") = "Serilog.Extensions.Logging.Tests", "test\Serilog.Extensions.Logging.Tests\Serilog.Extensions.Logging.Tests.csproj", "{9A17071A-18A7-43C8-B714-B81832D72E0C}"
EndProject
Project("{9A19103F-16F7-4668-BE54-9A1E7A4F7556}") = "Yaml.Extensions.Configuration", "src\Yaml.Extensions.Configuration\Yaml.Extensions.Configuration.csproj", "{A36325EA-A65B-4B1D-83CE-B02B7A273F76}"
EndProject
Global
	GlobalSection(SolutionConfigurationPlatforms) = preSolution
		Debug|Any CPU = Debug|Any CPU
		Release|Any CPU = Release|Any CPU
	EndGlobalSection
	GlobalSection(ProjectConfigurationPlatforms) = postSolution
		{5C5BD8E9-3529-4798-B0F0-0B6517F13325}.Debug|Any CPU.ActiveCfg = Debug|Any CPU
		{5C5BD8E9-3529-4798-B0F0-0B6517F13325}.Debug|Any CPU.Build.0 = Debug|Any CPU
		{5C5BD8E9-3529-4798-B0F0-0B6517F13325}.Release|Any CPU.ActiveCfg = Release|Any CPU
		{5C5BD8E9-3529-4798-B0F0-0B6517F13325}.Release|Any CPU.Build.0 = Release|Any CPU
		{0DA753BB-8AE7-4467-81D3-6661120A286B}.Debug|Any CPU.ActiveCfg = Debug|Any CPU
		{0DA753BB-8AE7-4467-81D3-6661120A286B}.Debug|Any CPU.Build.0 = Debug|Any CPU
		{0DA753BB-8AE7-4467-81D3-6661120A286B}.Release|Any CPU.ActiveCfg = Release|Any CPU
		{0DA753BB-8AE7-4467-81D3-6661120A286B}.Release|Any CPU.Build.0 = Release|Any CPU
		{FA2EF9A0-90AF-449A-B28B-6ECB6D4E3AC2}.Debug|Any CPU.ActiveCfg = Debug|Any CPU
		{FA2EF9A0-90AF-449A-B28B-6ECB6D4E3AC2}.Debug|Any CPU.Build.0 = Debug|Any CPU
		{FA2EF9A0-90AF-449A-B28B-6ECB6D4E3AC2}.Release|Any CPU.ActiveCfg = Release|Any CPU
		{FA2EF9A0-90AF-449A-B28B-6ECB6D4E3AC2}.Release|Any CPU.Build.0 = Release|Any CPU
		{9A17071A-18A7-43C8-B714-B81832D72E0C}.Debug|Any CPU.ActiveCfg = Debug|Any CPU
		{9A17071A-18A7-43C8-B714-B81832D72E0C}.Debug|Any CPU.Build.0 = Debug|Any CPU
		{9A17071A-18A7-43C8-B714-B81832D72E0C}.Release|Any CPU.ActiveCfg = Release|Any CPU
		{9A17071A-18A7-43C8-B714-B81832D72E0C}.Release|Any CPU.Build.0 = Release|Any CPU
		{A36325EA-A65B-4B1D-83CE-B02B7A273F76}.Debug|Any CPU.ActiveCfg = Debug|Any CPU
		{A36325EA-A65B-4B1D-83CE-B02B7A273F76}.Debug|Any CPU.Build.0 = Debug|Any CPU
		{A36325EA-A65B-4B1D-83CE-B02B7A273F76}.Release|Any CPU.ActiveCfg = Release|Any CPU
		{A36325EA-A65B-4B1D-83CE-B02B7A273F76}.Release|Any CPU.Build.0 = Release|Any CPU
	EndGlobalSection
	GlobalSection(SolutionProperties) = preSolution
		HideSolutionNode = FALSE
	EndGlobalSection
	GlobalSection(NestedProjects) = preSolution
		{5C5BD8E9-3529-4798-B0F0-0B6517F13325} = {1F97D5A4-285F-4962-8F8C-BCEF8278143B}
		{0DA753BB-8AE7-4467-81D3-6661120A286B} = {1F97D5A4-285F-4962-8F8C-BCEF8278143B}
		{FA2EF9A0-90AF-449A-B28B-6ECB6D4E3AC2} = {1F97D5A4-285F-4962-8F8C-BCEF8278143B}
		{9A17071A-18A7-43C8-B714-B81832D72E0C} = {ABC72801-895A-4C64-B795-B8CD5B56CEA8}
		{A36325EA-A65B-4B1D-83CE-B02B7A273F76} = {1F97D5A4-285F-4962-8F8C-BCEF8278143B}
	EndGlobalSection
	GlobalSection(ExtensibilityGlobals) = postSolution
		SolutionGuid = {93230366-D5C3-4397-83D3-ED46E43B8121}
	EndGlobalSection
EndGlobal
