
Microsoft Visual Studio Solution File, Format Version 12.00
# Visual Studio 14
VisualStudioVersion = 14.0.25420.1
MinimumVisualStudioVersion = 10.0.40219.1
Project("{FAE04EC0-301F-11D3-BF4B-00C04F79EFBC}") = "CuteAnt.Net40", "src\CuteAnt\CuteAnt.Net40.csproj", "{1AB422BC-0280-4E03-95F4-3BC1FAD9B2BF}"
EndProject
Project("{2150E333-8FDC-42A3-9474-1A3956D46DE8}") = "src", "src", "{B3E9C0BE-9930-43D6-901A-91DBEB6BD35B}"
EndProject
Project("{2150E333-8FDC-42A3-9474-1A3956D46DE8}") = "shared", "shared", "{4F9AB71B-A979-49EF-8C2E-099C503A5CDF}"
EndProject
Project("{D954291E-2A0B-460D-934E-DC6B0785DB48}") = "CuteAnt.Extensions.IO.Sources", "..\CuteAnt.Extensions.Common\src\CuteAnt.Extensions.IO.Sources\CuteAnt.Extensions.IO.Sources.shproj", "{88B40B6F-FDBD-4384-9581-F53A140D4FFA}"
EndProject
Project("{D954291E-2A0B-460D-934E-DC6B0785DB48}") = "CuteAnt.Extensions.Logging.Sources", "..\CuteAnt.Extensions.Common\src\CuteAnt.Extensions.Logging.Sources\CuteAnt.Extensions.Logging.Sources.shproj", "{8DBB7DC8-2B90-4A8C-A60D-D41466174BDE}"
EndProject
Project("{D954291E-2A0B-460D-934E-DC6B0785DB48}") = "CuteAnt.Extensions.Reflection.Sources", "..\CuteAnt.Extensions.Common\src\CuteAnt.Extensions.Reflection.Sources\CuteAnt.Extensions.Reflection.Sources.shproj", "{C7F8DBE6-77B7-494D-AF00-018F7579548C}"
EndProject
Project("{D954291E-2A0B-460D-934E-DC6B0785DB48}") = "CuteAnt.Extensions.Sources", "..\CuteAnt.Extensions.Common\src\CuteAnt.Extensions.Sources\CuteAnt.Extensions.Sources.shproj", "{4BEE24D6-B657-4C44-8AE6-1697AD8C4A1B}"
EndProject
Project("{2150E333-8FDC-42A3-9474-1A3956D46DE8}") = "test", "test", "{0ED5D0F9-1267-44BF-AF71-E298D8CA4EDA}"
EndProject
Project("{FAE04EC0-301F-11D3-BF4B-00C04F79EFBC}") = "CuteAnt.AsyncEx.Net40", "src\CuteAnt.AsyncEx\CuteAnt.AsyncEx.Net40.csproj", "{45DA1C17-D40D-4B90-982A-54BEB0F09B46}"
EndProject
Project("{D954291E-2A0B-460D-934E-DC6B0785DB48}") = "Nito.AsyncEx.Tasks.Sources", "..\CuteAnt.Extensions.Common\src\Nito.AsyncEx.Tasks.Sources\Nito.AsyncEx.Tasks.Sources.shproj", "{90BCC560-AA2B-4146-858A-9E524B696F75}"
EndProject
Project("{FAE04EC0-301F-11D3-BF4B-00C04F79EFBC}") = "CuteAnt.Extensions.Logging.NLog.Net40", "src\CuteAnt.Extensions.Logging.NLog\CuteAnt.Extensions.Logging.NLog.Net40.csproj", "{54F94AEB-0B77-4B56-9C61-9062950869DF}"
EndProject
Project("{FAE04EC0-301F-11D3-BF4B-00C04F79EFBC}") = "CuteAnt.SharpSerializer.Net40", "src\CuteAnt.SharpSerializer\CuteAnt.SharpSerializer.Net40.csproj", "{730E30AC-6876-4FD3-9CC3-4FBFC96FD0C1}"
EndProject
Project("{2150E333-8FDC-42A3-9474-1A3956D46DE8}") = "Core", "Core", "{11199523-E9C6-48A1-934B-010AAE146B9E}"
EndProject
Project("{2150E333-8FDC-42A3-9474-1A3956D46DE8}") = "Logging", "Logging", "{B046F37D-33F7-442B-A96D-8301B3546082}"
EndProject
Project("{D954291E-2A0B-460D-934E-DC6B0785DB48}") = "CuteAnt.Extensions.DateTimeUtilities.Sources", "..\CuteAnt.Extensions.Common\src\CuteAnt.Extensions.DateTimeUtilities.Sources\CuteAnt.Extensions.DateTimeUtilities.Sources.shproj", "{F0DCBA0C-1EE9-403C-931C-555776F6C680}"
EndProject
Global
	GlobalSection(SharedMSBuildProjectFiles) = preSolution
		..\CuteAnt.Extensions.Common\src\CuteAnt.Extensions.DateTimeUtilities.Sources\CuteAnt.Extensions.DateTimeUtilities.Sources.projitems*{1ab422bc-0280-4e03-95f4-3bc1fad9b2bf}*SharedItemsImports = 4
		..\CuteAnt.Extensions.Common\src\CuteAnt.Extensions.IO.Sources\CuteAnt.Extensions.IO.Sources.projitems*{1ab422bc-0280-4e03-95f4-3bc1fad9b2bf}*SharedItemsImports = 4
		..\CuteAnt.Extensions.Common\src\CuteAnt.Extensions.Logging.Sources\CuteAnt.Extensions.Logging.Sources.projitems*{1ab422bc-0280-4e03-95f4-3bc1fad9b2bf}*SharedItemsImports = 4
		..\CuteAnt.Extensions.Common\src\CuteAnt.Extensions.Reflection.Sources\CuteAnt.Extensions.Reflection.Sources.projitems*{1ab422bc-0280-4e03-95f4-3bc1fad9b2bf}*SharedItemsImports = 4
		..\CuteAnt.Extensions.Common\src\CuteAnt.Extensions.Sources\CuteAnt.Extensions.Sources.projitems*{1ab422bc-0280-4e03-95f4-3bc1fad9b2bf}*SharedItemsImports = 4
		..\CuteAnt.Extensions.Common\src\CuteAnt.Extensions.Reflection.Sources\CuteAnt.Extensions.Reflection.Sources.projitems*{45da1c17-d40d-4b90-982a-54beb0f09b46}*SharedItemsImports = 4
		..\CuteAnt.Extensions.Common\src\CuteAnt.Extensions.Sources\CuteAnt.Extensions.Sources.projitems*{45da1c17-d40d-4b90-982a-54beb0f09b46}*SharedItemsImports = 4
		..\CuteAnt.Extensions.Common\src\Nito.AsyncEx.Tasks.Sources\Nito.AsyncEx.Tasks.Sources.projitems*{45da1c17-d40d-4b90-982a-54beb0f09b46}*SharedItemsImports = 4
		..\CuteAnt.Extensions.Common\src\CuteAnt.Extensions.Sources\CuteAnt.Extensions.Sources.projitems*{4bee24d6-b657-4c44-8ae6-1697ad8c4a1b}*SharedItemsImports = 13
		..\CuteAnt.Extensions.Common\src\CuteAnt.Extensions.Sources\CuteAnt.Extensions.Sources.projitems*{730e30ac-6876-4fd3-9cc3-4fbfc96fd0c1}*SharedItemsImports = 4
		..\CuteAnt.Extensions.Common\src\CuteAnt.Extensions.IO.Sources\CuteAnt.Extensions.IO.Sources.projitems*{88b40b6f-fdbd-4384-9581-f53a140d4ffa}*SharedItemsImports = 13
		..\CuteAnt.Extensions.Common\src\CuteAnt.Extensions.Logging.Sources\CuteAnt.Extensions.Logging.Sources.projitems*{8dbb7dc8-2b90-4a8c-a60d-d41466174bde}*SharedItemsImports = 13
		..\CuteAnt.Extensions.Common\src\Nito.AsyncEx.Tasks.Sources\Nito.AsyncEx.Tasks.Sources.projitems*{90bcc560-aa2b-4146-858a-9e524b696f75}*SharedItemsImports = 13
		..\CuteAnt.Extensions.Common\src\CuteAnt.Extensions.Reflection.Sources\CuteAnt.Extensions.Reflection.Sources.projitems*{c7f8dbe6-77b7-494d-af00-018f7579548c}*SharedItemsImports = 13
		..\CuteAnt.Extensions.Common\src\CuteAnt.Extensions.DateTimeUtilities.Sources\CuteAnt.Extensions.DateTimeUtilities.Sources.projitems*{f0dcba0c-1ee9-403c-931c-555776f6c680}*SharedItemsImports = 13
	EndGlobalSection
	GlobalSection(SolutionConfigurationPlatforms) = preSolution
		Debug|Any CPU = Debug|Any CPU
		Release|Any CPU = Release|Any CPU
	EndGlobalSection
	GlobalSection(ProjectConfigurationPlatforms) = postSolution
		{1AB422BC-0280-4E03-95F4-3BC1FAD9B2BF}.Debug|Any CPU.ActiveCfg = Debug|Any CPU
		{1AB422BC-0280-4E03-95F4-3BC1FAD9B2BF}.Debug|Any CPU.Build.0 = Debug|Any CPU
		{1AB422BC-0280-4E03-95F4-3BC1FAD9B2BF}.Release|Any CPU.ActiveCfg = Release|Any CPU
		{1AB422BC-0280-4E03-95F4-3BC1FAD9B2BF}.Release|Any CPU.Build.0 = Release|Any CPU
		{45DA1C17-D40D-4B90-982A-54BEB0F09B46}.Debug|Any CPU.ActiveCfg = Debug|Any CPU
		{45DA1C17-D40D-4B90-982A-54BEB0F09B46}.Debug|Any CPU.Build.0 = Debug|Any CPU
		{45DA1C17-D40D-4B90-982A-54BEB0F09B46}.Release|Any CPU.ActiveCfg = Release|Any CPU
		{45DA1C17-D40D-4B90-982A-54BEB0F09B46}.Release|Any CPU.Build.0 = Release|Any CPU
		{54F94AEB-0B77-4B56-9C61-9062950869DF}.Debug|Any CPU.ActiveCfg = Debug|Any CPU
		{54F94AEB-0B77-4B56-9C61-9062950869DF}.Debug|Any CPU.Build.0 = Debug|Any CPU
		{54F94AEB-0B77-4B56-9C61-9062950869DF}.Release|Any CPU.ActiveCfg = Release|Any CPU
		{54F94AEB-0B77-4B56-9C61-9062950869DF}.Release|Any CPU.Build.0 = Release|Any CPU
		{730E30AC-6876-4FD3-9CC3-4FBFC96FD0C1}.Debug|Any CPU.ActiveCfg = Debug|Any CPU
		{730E30AC-6876-4FD3-9CC3-4FBFC96FD0C1}.Debug|Any CPU.Build.0 = Debug|Any CPU
		{730E30AC-6876-4FD3-9CC3-4FBFC96FD0C1}.Release|Any CPU.ActiveCfg = Release|Any CPU
		{730E30AC-6876-4FD3-9CC3-4FBFC96FD0C1}.Release|Any CPU.Build.0 = Release|Any CPU
	EndGlobalSection
	GlobalSection(SolutionProperties) = preSolution
		HideSolutionNode = FALSE
	EndGlobalSection
	GlobalSection(NestedProjects) = preSolution
		{1AB422BC-0280-4E03-95F4-3BC1FAD9B2BF} = {11199523-E9C6-48A1-934B-010AAE146B9E}
		{88B40B6F-FDBD-4384-9581-F53A140D4FFA} = {4F9AB71B-A979-49EF-8C2E-099C503A5CDF}
		{8DBB7DC8-2B90-4A8C-A60D-D41466174BDE} = {4F9AB71B-A979-49EF-8C2E-099C503A5CDF}
		{C7F8DBE6-77B7-494D-AF00-018F7579548C} = {4F9AB71B-A979-49EF-8C2E-099C503A5CDF}
		{4BEE24D6-B657-4C44-8AE6-1697AD8C4A1B} = {4F9AB71B-A979-49EF-8C2E-099C503A5CDF}
		{45DA1C17-D40D-4B90-982A-54BEB0F09B46} = {11199523-E9C6-48A1-934B-010AAE146B9E}
		{90BCC560-AA2B-4146-858A-9E524B696F75} = {4F9AB71B-A979-49EF-8C2E-099C503A5CDF}
		{54F94AEB-0B77-4B56-9C61-9062950869DF} = {B046F37D-33F7-442B-A96D-8301B3546082}
		{730E30AC-6876-4FD3-9CC3-4FBFC96FD0C1} = {11199523-E9C6-48A1-934B-010AAE146B9E}
		{11199523-E9C6-48A1-934B-010AAE146B9E} = {B3E9C0BE-9930-43D6-901A-91DBEB6BD35B}
		{B046F37D-33F7-442B-A96D-8301B3546082} = {B3E9C0BE-9930-43D6-901A-91DBEB6BD35B}
		{F0DCBA0C-1EE9-403C-931C-555776F6C680} = {4F9AB71B-A979-49EF-8C2E-099C503A5CDF}
	EndGlobalSection
EndGlobal
