
Microsoft Visual Studio Solution File, Format Version 12.00
# Visual Studio 15
VisualStudioVersion = 15.0.27130.2010
MinimumVisualStudioVersion = 10.0.40219.1
Project("{2150E333-8FDC-42A3-9474-1A3956D46DE8}") = "src", "src", "{1F97D5A4-285F-4962-8F8C-BCEF8278143B}"
EndProject
Project("{2150E333-8FDC-42A3-9474-1A3956D46DE8}") = "Solution Items", "Solution Items", "{EA7DA5A5-A451-4637-8D7F-E54727C68BD3}"
	ProjectSection(SolutionItems) = preProject
		Clean.cmd = Clean.cmd
		NuGet.Config = NuGet.Config
	EndProjectSection
EndProject
Project("{2150E333-8FDC-42A3-9474-1A3956D46DE8}") = "test", "test", "{ABC72801-895A-4C64-B795-B8CD5B56CEA8}"
EndProject
Project("{2150E333-8FDC-42A3-9474-1A3956D46DE8}") = "shared", "shared", "{4744CD6C-82C3-4D38-A708-3D301A74397F}"
EndProject
Project("{D954291E-2A0B-460D-934E-DC6B0785DB48}") = "CuteAnt.Extensions.Reflection.Sources", "..\CuteAnt.Extensions.Common\src\CuteAnt.Extensions.Reflection.Sources\CuteAnt.Extensions.Reflection.Sources.shproj", "{C7F8DBE6-77B7-494D-AF00-018F7579548C}"
EndProject
Project("{9A19103F-16F7-4668-BE54-9A1E7A4F7556}") = "Grace.Tests", "test\Grace.Tests\Grace.Tests.csproj", "{604E534E-F074-464E-944B-78844A58CB4D}"
EndProject
Project("{D954291E-2A0B-460D-934E-DC6B0785DB48}") = "CuteAnt.Extensions.ActivatorUtilities.Sources", "..\CuteAnt.Extensions.Common\src\CuteAnt.Extensions.ActivatorUtilities.Sources\CuteAnt.Extensions.ActivatorUtilities.Sources.shproj", "{7D02563F-82AA-4322-ACFD-04E3C7319E30}"
EndProject
Project("{D954291E-2A0B-460D-934E-DC6B0785DB48}") = "Microsoft.Extensions.ParameterDefaultValue.Sources", "..\CuteAnt.Extensions.Common\src\Microsoft.Extensions.ParameterDefaultValue.Sources\Microsoft.Extensions.ParameterDefaultValue.Sources.shproj", "{4D92B029-ED5D-4ECB-8A74-5E8C1AAF74EF}"
EndProject
Project("{D954291E-2A0B-460D-934E-DC6B0785DB48}") = "Nito.AsyncEx.ExceptionEnlightenment.Sources", "..\CuteAnt.Extensions.Common\src\Nito.AsyncEx.ExceptionEnlightenment.Sources\Nito.AsyncEx.ExceptionEnlightenment.Sources.shproj", "{D90E9B82-6317-4055-82E3-FE8625C143E9}"
EndProject
Project("{2150E333-8FDC-42A3-9474-1A3956D46DE8}") = "Core", "Core", "{DD4188B4-D72A-4D3E-B5A6-3168231C6301}"
EndProject
Project("{FAE04EC0-301F-11D3-BF4B-00C04F79EFBC}") = "IocPerformance", "test\IocPerformance\IocPerformance.csproj", "{C2CB4D53-6B69-4554-9DA6-759A69C528C9}"
EndProject
Project("{2150E333-8FDC-42A3-9474-1A3956D46DE8}") = "Grace", "Grace", "{4515424F-A0DE-43AB-A9B6-C6000145B7EC}"
EndProject
Project("{9A19103F-16F7-4668-BE54-9A1E7A4F7556}") = "CuteAnt.Core.Abstractions", "src\CuteAnt.Core.Abstractions\CuteAnt.Core.Abstractions.csproj", "{088742EE-16D9-440D-B142-86ACC4815BE7}"
EndProject
Project("{D954291E-2A0B-460D-934E-DC6B0785DB48}") = "CuteAnt.Extensions.DateTimeUtilities.Sources", "..\CuteAnt.Extensions.Common\src\CuteAnt.Extensions.DateTimeUtilities.Sources\CuteAnt.Extensions.DateTimeUtilities.Sources.shproj", "{F0DCBA0C-1EE9-403C-931C-555776F6C680}"
EndProject
Project("{D954291E-2A0B-460D-934E-DC6B0785DB48}") = "CuteAnt.Extensions.Logging.Sources", "..\CuteAnt.Extensions.Common\src\CuteAnt.Extensions.Logging.Sources\CuteAnt.Extensions.Logging.Sources.shproj", "{8DBB7DC8-2B90-4A8C-A60D-D41466174BDE}"
EndProject
Project("{D954291E-2A0B-460D-934E-DC6B0785DB48}") = "CuteAnt.Extensions.String.Sources", "..\CuteAnt.Extensions.Common\src\CuteAnt.Extensions.String.Sources\CuteAnt.Extensions.String.Sources.shproj", "{F9DFD05D-92C8-4CB3-8627-DABBB7DE21AB}"
EndProject
Project("{D954291E-2A0B-460D-934E-DC6B0785DB48}") = "CuteAnt.Extensions.ValidationHelper.Sources", "..\CuteAnt.Extensions.Common\src\CuteAnt.Extensions.ValidationHelper.Sources\CuteAnt.Extensions.ValidationHelper.Sources.shproj", "{3B59B888-7A45-4322-B5DD-3FADC4E74420}"
EndProject
Project("{D954291E-2A0B-460D-934E-DC6B0785DB48}") = "CuteAnt.Extensions.Collection.Sources", "..\CuteAnt.Extensions.Common\src\CuteAnt.Extensions.Collection.Sources\CuteAnt.Extensions.Collection.Sources.shproj", "{F1703A5F-A49F-4D68-8248-00506D756F07}"
EndProject
Project("{D954291E-2A0B-460D-934E-DC6B0785DB48}") = "CuteAnt.Extensions.FileSystem.Sources", "..\CuteAnt.Extensions.Common\src\CuteAnt.Extensions.FileSystem.Sources\CuteAnt.Extensions.FileSystem.Sources.shproj", "{FFB83579-C6E0-43A6-9BF3-84B184E5C25D}"
EndProject
Project("{D954291E-2A0B-460D-934E-DC6B0785DB48}") = "CuteAnt.Extensions.ReaderWriterLockSlim.Sources", "..\CuteAnt.Extensions.Common\src\CuteAnt.Extensions.ReaderWriterLockSlim.Sources\CuteAnt.Extensions.ReaderWriterLockSlim.Sources.shproj", "{65E9ED9B-9545-47D8-A39C-DA22C323ABB2}"
EndProject
Project("{9A19103F-16F7-4668-BE54-9A1E7A4F7556}") = "CuteAnt.Core", "src\CuteAnt\CuteAnt.Core.csproj", "{DE6DEF55-9E27-4C3D-B001-994DBA74D72E}"
EndProject
Project("{2150E333-8FDC-42A3-9474-1A3956D46DE8}") = "benchmark", "benchmark", "{96E98A2F-3EBF-483C-A63E-4245C0D4F625}"
EndProject
Project("{9A19103F-16F7-4668-BE54-9A1E7A4F7556}") = "CuteAnt.Tests", "test\CuteAnt.Tests\CuteAnt.Tests.csproj", "{BB275A95-763B-476C-8C78-6ED72CC7503E}"
EndProject
Project("{9A19103F-16F7-4668-BE54-9A1E7A4F7556}") = "CuteAnt.AsyncEx", "src\CuteAnt.AsyncEx\CuteAnt.AsyncEx.csproj", "{19E712F4-AE7C-4AC2-B726-91A0238D57D8}"
EndProject
Project("{9A19103F-16F7-4668-BE54-9A1E7A4F7556}") = "CuteAnt.Runtime", "src\CuteAnt.Runtime\CuteAnt.Runtime.csproj", "{9C24AD10-8165-4EDA-BC69-04EFD37C9ACA}"
EndProject
Project("{9A19103F-16F7-4668-BE54-9A1E7A4F7556}") = "CuteAnt.Performance", "test\CuteAnt.Performance\CuteAnt.Performance.csproj", "{90C8362F-3B95-4AE1-B000-606045D1FFA3}"
EndProject
Project("{9A19103F-16F7-4668-BE54-9A1E7A4F7556}") = "Grace.Extensions.DependencyInjection.Test", "test\Grace.Extensions.DependencyInjection.Test\Grace.Extensions.DependencyInjection.Test.csproj", "{A4350CB9-AF70-4024-9A00-2FA3F6202144}"
EndProject
Project("{9A19103F-16F7-4668-BE54-9A1E7A4F7556}") = "CuteAnt.AsyncEx.Tests", "test\CuteAnt.AsyncEx.Tests\CuteAnt.AsyncEx.Tests.csproj", "{F5EBF205-531E-4B5D-8178-AD037A406B84}"
EndProject
Project("{9A19103F-16F7-4668-BE54-9A1E7A4F7556}") = "CuteAnt.Runtime.Test", "test\CuteAnt.Runtime.Test\CuteAnt.Runtime.Test.csproj", "{A457D323-4CC8-4561-A4A2-6E8C4FBD1210}"
EndProject
Project("{9A19103F-16F7-4668-BE54-9A1E7A4F7556}") = "Microsoft.IO.RecyclableMemoryStream.Tests", "test\Microsoft.IO.RecyclableMemoryStream.Tests\Microsoft.IO.RecyclableMemoryStream.Tests.csproj", "{E471B018-5731-4CAC-B7D6-A5F82BB935FC}"
EndProject
Project("{9A19103F-16F7-4668-BE54-9A1E7A4F7556}") = "DotNet.DependencyInjectionBenchmarks", "test\DotNet.DependencyInjectionBenchmarks\DotNet.DependencyInjectionBenchmarks.csproj", "{C31254B4-5E5D-4219-83A1-A24D37194B79}"
EndProject
Global
	GlobalSection(SharedMSBuildProjectFiles) = preSolution
		..\CuteAnt.Extensions.Common\src\CuteAnt.Extensions.ValidationHelper.Sources\CuteAnt.Extensions.ValidationHelper.Sources.projitems*{3b59b888-7a45-4322-b5dd-3fadc4e74420}*SharedItemsImports = 13
		..\CuteAnt.Extensions.Common\src\Microsoft.Extensions.ParameterDefaultValue.Sources\Microsoft.Extensions.ParameterDefaultValue.Sources.projitems*{4d92b029-ed5d-4ecb-8a74-5e8c1aaf74ef}*SharedItemsImports = 13
		..\CuteAnt.Extensions.Common\src\CuteAnt.Extensions.ReaderWriterLockSlim.Sources\CuteAnt.Extensions.ReaderWriterLockSlim.Sources.projitems*{65e9ed9b-9545-47d8-a39c-da22c323abb2}*SharedItemsImports = 13
		..\CuteAnt.Extensions.Common\src\CuteAnt.Extensions.ActivatorUtilities.Sources\CuteAnt.Extensions.ActivatorUtilities.Sources.projitems*{7d02563f-82aa-4322-acfd-04e3c7319e30}*SharedItemsImports = 13
		..\CuteAnt.Extensions.Common\src\CuteAnt.Extensions.Logging.Sources\CuteAnt.Extensions.Logging.Sources.projitems*{8dbb7dc8-2b90-4a8c-a60d-d41466174bde}*SharedItemsImports = 13
		..\CuteAnt.Extensions.Common\src\CuteAnt.Extensions.Reflection.Sources\CuteAnt.Extensions.Reflection.Sources.projitems*{c7f8dbe6-77b7-494d-af00-018f7579548c}*SharedItemsImports = 13
		..\CuteAnt.Extensions.Common\src\Nito.AsyncEx.ExceptionEnlightenment.Sources\Nito.AsyncEx.ExceptionEnlightenment.Sources.projitems*{d90e9b82-6317-4055-82e3-fe8625c143e9}*SharedItemsImports = 13
		..\CuteAnt.Extensions.Common\src\CuteAnt.Extensions.DateTimeUtilities.Sources\CuteAnt.Extensions.DateTimeUtilities.Sources.projitems*{f0dcba0c-1ee9-403c-931c-555776f6c680}*SharedItemsImports = 13
		..\CuteAnt.Extensions.Common\src\CuteAnt.Extensions.Collection.Sources\CuteAnt.Extensions.Collection.Sources.projitems*{f1703a5f-a49f-4d68-8248-00506d756f07}*SharedItemsImports = 13
		..\CuteAnt.Extensions.Common\src\CuteAnt.Extensions.String.Sources\CuteAnt.Extensions.String.Sources.projitems*{f9dfd05d-92c8-4cb3-8627-dabbb7de21ab}*SharedItemsImports = 13
		..\CuteAnt.Extensions.Common\src\CuteAnt.Extensions.FileSystem.Sources\CuteAnt.Extensions.FileSystem.Sources.projitems*{ffb83579-c6e0-43a6-9bf3-84b184e5c25d}*SharedItemsImports = 13
	EndGlobalSection
	GlobalSection(SolutionConfigurationPlatforms) = preSolution
		Debug|Any CPU = Debug|Any CPU
		Release|Any CPU = Release|Any CPU
	EndGlobalSection
	GlobalSection(ProjectConfigurationPlatforms) = postSolution
		{604E534E-F074-464E-944B-78844A58CB4D}.Debug|Any CPU.ActiveCfg = Debug|Any CPU
		{604E534E-F074-464E-944B-78844A58CB4D}.Debug|Any CPU.Build.0 = Debug|Any CPU
		{604E534E-F074-464E-944B-78844A58CB4D}.Release|Any CPU.ActiveCfg = Release|Any CPU
		{604E534E-F074-464E-944B-78844A58CB4D}.Release|Any CPU.Build.0 = Release|Any CPU
		{C2CB4D53-6B69-4554-9DA6-759A69C528C9}.Debug|Any CPU.ActiveCfg = Debug|Any CPU
		{C2CB4D53-6B69-4554-9DA6-759A69C528C9}.Debug|Any CPU.Build.0 = Debug|Any CPU
		{C2CB4D53-6B69-4554-9DA6-759A69C528C9}.Release|Any CPU.ActiveCfg = Release|Any CPU
		{C2CB4D53-6B69-4554-9DA6-759A69C528C9}.Release|Any CPU.Build.0 = Release|Any CPU
		{088742EE-16D9-440D-B142-86ACC4815BE7}.Debug|Any CPU.ActiveCfg = Debug|Any CPU
		{088742EE-16D9-440D-B142-86ACC4815BE7}.Debug|Any CPU.Build.0 = Debug|Any CPU
		{088742EE-16D9-440D-B142-86ACC4815BE7}.Release|Any CPU.ActiveCfg = Release|Any CPU
		{088742EE-16D9-440D-B142-86ACC4815BE7}.Release|Any CPU.Build.0 = Release|Any CPU
		{DE6DEF55-9E27-4C3D-B001-994DBA74D72E}.Debug|Any CPU.ActiveCfg = Debug|Any CPU
		{DE6DEF55-9E27-4C3D-B001-994DBA74D72E}.Debug|Any CPU.Build.0 = Debug|Any CPU
		{DE6DEF55-9E27-4C3D-B001-994DBA74D72E}.Release|Any CPU.ActiveCfg = Release|Any CPU
		{DE6DEF55-9E27-4C3D-B001-994DBA74D72E}.Release|Any CPU.Build.0 = Release|Any CPU
		{BB275A95-763B-476C-8C78-6ED72CC7503E}.Debug|Any CPU.ActiveCfg = Debug|Any CPU
		{BB275A95-763B-476C-8C78-6ED72CC7503E}.Debug|Any CPU.Build.0 = Debug|Any CPU
		{BB275A95-763B-476C-8C78-6ED72CC7503E}.Release|Any CPU.ActiveCfg = Release|Any CPU
		{BB275A95-763B-476C-8C78-6ED72CC7503E}.Release|Any CPU.Build.0 = Release|Any CPU
		{19E712F4-AE7C-4AC2-B726-91A0238D57D8}.Debug|Any CPU.ActiveCfg = Debug|Any CPU
		{19E712F4-AE7C-4AC2-B726-91A0238D57D8}.Debug|Any CPU.Build.0 = Debug|Any CPU
		{19E712F4-AE7C-4AC2-B726-91A0238D57D8}.Release|Any CPU.ActiveCfg = Release|Any CPU
		{19E712F4-AE7C-4AC2-B726-91A0238D57D8}.Release|Any CPU.Build.0 = Release|Any CPU
		{9C24AD10-8165-4EDA-BC69-04EFD37C9ACA}.Debug|Any CPU.ActiveCfg = Debug|Any CPU
		{9C24AD10-8165-4EDA-BC69-04EFD37C9ACA}.Debug|Any CPU.Build.0 = Debug|Any CPU
		{9C24AD10-8165-4EDA-BC69-04EFD37C9ACA}.Release|Any CPU.ActiveCfg = Release|Any CPU
		{9C24AD10-8165-4EDA-BC69-04EFD37C9ACA}.Release|Any CPU.Build.0 = Release|Any CPU
		{90C8362F-3B95-4AE1-B000-606045D1FFA3}.Debug|Any CPU.ActiveCfg = Debug|Any CPU
		{90C8362F-3B95-4AE1-B000-606045D1FFA3}.Debug|Any CPU.Build.0 = Debug|Any CPU
		{90C8362F-3B95-4AE1-B000-606045D1FFA3}.Release|Any CPU.ActiveCfg = Release|Any CPU
		{90C8362F-3B95-4AE1-B000-606045D1FFA3}.Release|Any CPU.Build.0 = Release|Any CPU
		{A4350CB9-AF70-4024-9A00-2FA3F6202144}.Debug|Any CPU.ActiveCfg = Debug|Any CPU
		{A4350CB9-AF70-4024-9A00-2FA3F6202144}.Debug|Any CPU.Build.0 = Debug|Any CPU
		{A4350CB9-AF70-4024-9A00-2FA3F6202144}.Release|Any CPU.ActiveCfg = Release|Any CPU
		{A4350CB9-AF70-4024-9A00-2FA3F6202144}.Release|Any CPU.Build.0 = Release|Any CPU
		{F5EBF205-531E-4B5D-8178-AD037A406B84}.Debug|Any CPU.ActiveCfg = Debug|Any CPU
		{F5EBF205-531E-4B5D-8178-AD037A406B84}.Debug|Any CPU.Build.0 = Debug|Any CPU
		{F5EBF205-531E-4B5D-8178-AD037A406B84}.Release|Any CPU.ActiveCfg = Release|Any CPU
		{F5EBF205-531E-4B5D-8178-AD037A406B84}.Release|Any CPU.Build.0 = Release|Any CPU
		{A457D323-4CC8-4561-A4A2-6E8C4FBD1210}.Debug|Any CPU.ActiveCfg = Debug|Any CPU
		{A457D323-4CC8-4561-A4A2-6E8C4FBD1210}.Debug|Any CPU.Build.0 = Debug|Any CPU
		{A457D323-4CC8-4561-A4A2-6E8C4FBD1210}.Release|Any CPU.ActiveCfg = Release|Any CPU
		{A457D323-4CC8-4561-A4A2-6E8C4FBD1210}.Release|Any CPU.Build.0 = Release|Any CPU
		{E471B018-5731-4CAC-B7D6-A5F82BB935FC}.Debug|Any CPU.ActiveCfg = Debug|Any CPU
		{E471B018-5731-4CAC-B7D6-A5F82BB935FC}.Debug|Any CPU.Build.0 = Debug|Any CPU
		{E471B018-5731-4CAC-B7D6-A5F82BB935FC}.Release|Any CPU.ActiveCfg = Release|Any CPU
		{E471B018-5731-4CAC-B7D6-A5F82BB935FC}.Release|Any CPU.Build.0 = Release|Any CPU
		{C31254B4-5E5D-4219-83A1-A24D37194B79}.Debug|Any CPU.ActiveCfg = Debug|Any CPU
		{C31254B4-5E5D-4219-83A1-A24D37194B79}.Debug|Any CPU.Build.0 = Debug|Any CPU
		{C31254B4-5E5D-4219-83A1-A24D37194B79}.Release|Any CPU.ActiveCfg = Release|Any CPU
		{C31254B4-5E5D-4219-83A1-A24D37194B79}.Release|Any CPU.Build.0 = Release|Any CPU
	EndGlobalSection
	GlobalSection(SolutionProperties) = preSolution
		HideSolutionNode = FALSE
	EndGlobalSection
	GlobalSection(NestedProjects) = preSolution
		{C7F8DBE6-77B7-494D-AF00-018F7579548C} = {4744CD6C-82C3-4D38-A708-3D301A74397F}
		{604E534E-F074-464E-944B-78844A58CB4D} = {4515424F-A0DE-43AB-A9B6-C6000145B7EC}
		{7D02563F-82AA-4322-ACFD-04E3C7319E30} = {4744CD6C-82C3-4D38-A708-3D301A74397F}
		{4D92B029-ED5D-4ECB-8A74-5E8C1AAF74EF} = {4744CD6C-82C3-4D38-A708-3D301A74397F}
		{D90E9B82-6317-4055-82E3-FE8625C143E9} = {4744CD6C-82C3-4D38-A708-3D301A74397F}
		{DD4188B4-D72A-4D3E-B5A6-3168231C6301} = {ABC72801-895A-4C64-B795-B8CD5B56CEA8}
		{C2CB4D53-6B69-4554-9DA6-759A69C528C9} = {96E98A2F-3EBF-483C-A63E-4245C0D4F625}
		{4515424F-A0DE-43AB-A9B6-C6000145B7EC} = {ABC72801-895A-4C64-B795-B8CD5B56CEA8}
		{088742EE-16D9-440D-B142-86ACC4815BE7} = {1F97D5A4-285F-4962-8F8C-BCEF8278143B}
		{F0DCBA0C-1EE9-403C-931C-555776F6C680} = {4744CD6C-82C3-4D38-A708-3D301A74397F}
		{8DBB7DC8-2B90-4A8C-A60D-D41466174BDE} = {4744CD6C-82C3-4D38-A708-3D301A74397F}
		{F9DFD05D-92C8-4CB3-8627-DABBB7DE21AB} = {4744CD6C-82C3-4D38-A708-3D301A74397F}
		{3B59B888-7A45-4322-B5DD-3FADC4E74420} = {4744CD6C-82C3-4D38-A708-3D301A74397F}
		{F1703A5F-A49F-4D68-8248-00506D756F07} = {4744CD6C-82C3-4D38-A708-3D301A74397F}
		{FFB83579-C6E0-43A6-9BF3-84B184E5C25D} = {4744CD6C-82C3-4D38-A708-3D301A74397F}
		{65E9ED9B-9545-47D8-A39C-DA22C323ABB2} = {4744CD6C-82C3-4D38-A708-3D301A74397F}
		{DE6DEF55-9E27-4C3D-B001-994DBA74D72E} = {1F97D5A4-285F-4962-8F8C-BCEF8278143B}
		{BB275A95-763B-476C-8C78-6ED72CC7503E} = {DD4188B4-D72A-4D3E-B5A6-3168231C6301}
		{19E712F4-AE7C-4AC2-B726-91A0238D57D8} = {1F97D5A4-285F-4962-8F8C-BCEF8278143B}
		{9C24AD10-8165-4EDA-BC69-04EFD37C9ACA} = {1F97D5A4-285F-4962-8F8C-BCEF8278143B}
		{90C8362F-3B95-4AE1-B000-606045D1FFA3} = {96E98A2F-3EBF-483C-A63E-4245C0D4F625}
		{A4350CB9-AF70-4024-9A00-2FA3F6202144} = {4515424F-A0DE-43AB-A9B6-C6000145B7EC}
		{F5EBF205-531E-4B5D-8178-AD037A406B84} = {DD4188B4-D72A-4D3E-B5A6-3168231C6301}
		{A457D323-4CC8-4561-A4A2-6E8C4FBD1210} = {DD4188B4-D72A-4D3E-B5A6-3168231C6301}
		{E471B018-5731-4CAC-B7D6-A5F82BB935FC} = {DD4188B4-D72A-4D3E-B5A6-3168231C6301}
		{C31254B4-5E5D-4219-83A1-A24D37194B79} = {96E98A2F-3EBF-483C-A63E-4245C0D4F625}
	EndGlobalSection
	GlobalSection(ExtensibilityGlobals) = postSolution
		SolutionGuid = {93230366-D5C3-4397-83D3-ED46E43B8121}
	EndGlobalSection
EndGlobal
