
Microsoft Visual Studio Solution File, Format Version 12.00
# Visual Studio 15
VisualStudioVersion = 15.0.27004.2009
MinimumVisualStudioVersion = 10.0.40219.1
Project("{2150E333-8FDC-42A3-9474-1A3956D46DE8}") = "src", "src", "{1F97D5A4-285F-4962-8F8C-BCEF8278143B}"
EndProject
Project("{2150E333-8FDC-42A3-9474-1A3956D46DE8}") = "Solution Items", "Solution Items", "{EA7DA5A5-A451-4637-8D7F-E54727C68BD3}"
	ProjectSection(SolutionItems) = preProject
		Clean.cmd = Clean.cmd
		NuGet.Config = NuGet.Config
	EndProjectSection
EndProject
Project("{2150E333-8FDC-42A3-9474-1A3956D46DE8}") = "test", "test", "{ABC72801-895A-4C64-B795-B8CD5B56CEA8}"
EndProject
Project("{9A19103F-16F7-4668-BE54-9A1E7A4F7556}") = "Autofac", "src\Autofac\Autofac.csproj", "{C9FDFFAE-4858-4077-BE92-541A1972A073}"
EndProject
Project("{2150E333-8FDC-42A3-9474-1A3956D46DE8}") = "shared", "shared", "{4744CD6C-82C3-4D38-A708-3D301A74397F}"
EndProject
Project("{D954291E-2A0B-460D-934E-DC6B0785DB48}") = "CuteAnt.Extensions.Reflection.Sources", "..\CuteAnt.Extensions.Common\src\CuteAnt.Extensions.Reflection.Sources\CuteAnt.Extensions.Reflection.Sources.shproj", "{C7F8DBE6-77B7-494D-AF00-018F7579548C}"
EndProject
Project("{9A19103F-16F7-4668-BE54-9A1E7A4F7556}") = "Autofac.Test.Scenarios.ScannedAssembly", "test\Autofac.Test.Scenarios.ScannedAssembly\Autofac.Test.Scenarios.ScannedAssembly.csproj", "{75B2077C-F431-4ED4-A500-3284EC81923D}"
EndProject
Project("{2150E333-8FDC-42A3-9474-1A3956D46DE8}") = "Autofac", "Autofac", "{AD164A5C-9587-445D-8C2F-BD490AC92724}"
EndProject
Project("{2150E333-8FDC-42A3-9474-1A3956D46DE8}") = "DryIoc", "DryIoc", "{E82A056E-FD11-4803-9AE1-C8AC93CB876E}"
EndProject
Project("{2150E333-8FDC-42A3-9474-1A3956D46DE8}") = "Grace", "Grace", "{E0985434-2288-46CD-89F2-233DCEA4105A}"
EndProject
Project("{2150E333-8FDC-42A3-9474-1A3956D46DE8}") = "Core", "Core", "{E71289A9-31F5-4016-8BEC-A2EF2221D34D}"
EndProject
Project("{9A19103F-16F7-4668-BE54-9A1E7A4F7556}") = "FastExpressionCompiler", "src\FastExpressionCompiler\FastExpressionCompiler.csproj", "{0D998A83-A928-49C3-B9A6-F6CFFDEE6208}"
EndProject
Project("{2150E333-8FDC-42A3-9474-1A3956D46DE8}") = "Autofac", "Autofac", "{34D6BFE4-B3FA-4D6D-B920-1BFF3A050A7B}"
EndProject
Project("{9A19103F-16F7-4668-BE54-9A1E7A4F7556}") = "Autofac.Test.Net40", "test\Autofac.Test.Net40\Autofac.Test.Net40.csproj", "{19EDC8D9-70F4-4EF6-9BF6-53528CFE758C}"
EndProject
Project("{2150E333-8FDC-42A3-9474-1A3956D46DE8}") = "Core", "Core", "{3CB819D1-4AEB-4BA6-A6A0-78D11D9A39EA}"
EndProject
Project("{2150E333-8FDC-42A3-9474-1A3956D46DE8}") = "DryIoc", "DryIoc", "{1BCCEE0F-E09A-4F45-A21F-18B0AAE46920}"
EndProject
Project("{9A19103F-16F7-4668-BE54-9A1E7A4F7556}") = "FastExpressionCompiler.UnitTests.Net40", "test\FastExpressionCompiler.UnitTests.Net40\FastExpressionCompiler.UnitTests.Net40.csproj", "{9D374B1E-C278-4027-A610-0366CC549F54}"
EndProject
Project("{9A19103F-16F7-4668-BE54-9A1E7A4F7556}") = "Grace", "src\Grace\Grace.csproj", "{EDA217B8-EBD6-4849-8A76-1F33B7A7FDC8}"
EndProject
Project("{9A19103F-16F7-4668-BE54-9A1E7A4F7556}") = "Grace.Dynamic", "src\Grace.Dynamic\Grace.Dynamic.csproj", "{7ECAC2A5-50AA-4738-8706-F4ECEF578CEC}"
EndProject
Project("{9A19103F-16F7-4668-BE54-9A1E7A4F7556}") = "Grace.Factory", "src\Grace.Factory\Grace.Factory.csproj", "{4DA222AC-B297-4F3D-8088-7D2F2D3F5709}"
EndProject
Project("{9A19103F-16F7-4668-BE54-9A1E7A4F7556}") = "Grace.Tests.Net40", "test\Grace.Tests\Grace.Tests.Net40.csproj", "{376A421B-8459-4006-BEDF-1B93089C58DA}"
	ProjectSection(ProjectDependencies) = postProject
		{7ECAC2A5-50AA-4738-8706-F4ECEF578CEC} = {7ECAC2A5-50AA-4738-8706-F4ECEF578CEC}
		{4DA222AC-B297-4F3D-8088-7D2F2D3F5709} = {4DA222AC-B297-4F3D-8088-7D2F2D3F5709}
		{EDA217B8-EBD6-4849-8A76-1F33B7A7FDC8} = {EDA217B8-EBD6-4849-8A76-1F33B7A7FDC8}
	EndProjectSection
EndProject
Global
	GlobalSection(SharedMSBuildProjectFiles) = preSolution
		..\CuteAnt.Extensions.Common\src\CuteAnt.Extensions.Reflection.Sources\CuteAnt.Extensions.Reflection.Sources.projitems*{c7f8dbe6-77b7-494d-af00-018f7579548c}*SharedItemsImports = 13
	EndGlobalSection
	GlobalSection(SolutionConfigurationPlatforms) = preSolution
		Debug|Any CPU = Debug|Any CPU
		Release|Any CPU = Release|Any CPU
	EndGlobalSection
	GlobalSection(ProjectConfigurationPlatforms) = postSolution
		{C9FDFFAE-4858-4077-BE92-541A1972A073}.Debug|Any CPU.ActiveCfg = Debug|Any CPU
		{C9FDFFAE-4858-4077-BE92-541A1972A073}.Debug|Any CPU.Build.0 = Debug|Any CPU
		{C9FDFFAE-4858-4077-BE92-541A1972A073}.Release|Any CPU.ActiveCfg = Release|Any CPU
		{C9FDFFAE-4858-4077-BE92-541A1972A073}.Release|Any CPU.Build.0 = Release|Any CPU
		{75B2077C-F431-4ED4-A500-3284EC81923D}.Debug|Any CPU.ActiveCfg = Debug|Any CPU
		{75B2077C-F431-4ED4-A500-3284EC81923D}.Debug|Any CPU.Build.0 = Debug|Any CPU
		{75B2077C-F431-4ED4-A500-3284EC81923D}.Release|Any CPU.ActiveCfg = Release|Any CPU
		{75B2077C-F431-4ED4-A500-3284EC81923D}.Release|Any CPU.Build.0 = Release|Any CPU
		{0D998A83-A928-49C3-B9A6-F6CFFDEE6208}.Debug|Any CPU.ActiveCfg = Debug|Any CPU
		{0D998A83-A928-49C3-B9A6-F6CFFDEE6208}.Debug|Any CPU.Build.0 = Debug|Any CPU
		{0D998A83-A928-49C3-B9A6-F6CFFDEE6208}.Release|Any CPU.ActiveCfg = Release|Any CPU
		{0D998A83-A928-49C3-B9A6-F6CFFDEE6208}.Release|Any CPU.Build.0 = Release|Any CPU
		{19EDC8D9-70F4-4EF6-9BF6-53528CFE758C}.Debug|Any CPU.ActiveCfg = Debug|Any CPU
		{19EDC8D9-70F4-4EF6-9BF6-53528CFE758C}.Debug|Any CPU.Build.0 = Debug|Any CPU
		{19EDC8D9-70F4-4EF6-9BF6-53528CFE758C}.Release|Any CPU.ActiveCfg = Release|Any CPU
		{19EDC8D9-70F4-4EF6-9BF6-53528CFE758C}.Release|Any CPU.Build.0 = Release|Any CPU
		{9D374B1E-C278-4027-A610-0366CC549F54}.Debug|Any CPU.ActiveCfg = Debug|Any CPU
		{9D374B1E-C278-4027-A610-0366CC549F54}.Debug|Any CPU.Build.0 = Debug|Any CPU
		{9D374B1E-C278-4027-A610-0366CC549F54}.Release|Any CPU.ActiveCfg = Release|Any CPU
		{9D374B1E-C278-4027-A610-0366CC549F54}.Release|Any CPU.Build.0 = Release|Any CPU
		{EDA217B8-EBD6-4849-8A76-1F33B7A7FDC8}.Debug|Any CPU.ActiveCfg = Debug|Any CPU
		{EDA217B8-EBD6-4849-8A76-1F33B7A7FDC8}.Debug|Any CPU.Build.0 = Debug|Any CPU
		{EDA217B8-EBD6-4849-8A76-1F33B7A7FDC8}.Release|Any CPU.ActiveCfg = Release|Any CPU
		{EDA217B8-EBD6-4849-8A76-1F33B7A7FDC8}.Release|Any CPU.Build.0 = Release|Any CPU
		{7ECAC2A5-50AA-4738-8706-F4ECEF578CEC}.Debug|Any CPU.ActiveCfg = Debug|Any CPU
		{7ECAC2A5-50AA-4738-8706-F4ECEF578CEC}.Debug|Any CPU.Build.0 = Debug|Any CPU
		{7ECAC2A5-50AA-4738-8706-F4ECEF578CEC}.Release|Any CPU.ActiveCfg = Release|Any CPU
		{7ECAC2A5-50AA-4738-8706-F4ECEF578CEC}.Release|Any CPU.Build.0 = Release|Any CPU
		{4DA222AC-B297-4F3D-8088-7D2F2D3F5709}.Debug|Any CPU.ActiveCfg = Debug|Any CPU
		{4DA222AC-B297-4F3D-8088-7D2F2D3F5709}.Debug|Any CPU.Build.0 = Debug|Any CPU
		{4DA222AC-B297-4F3D-8088-7D2F2D3F5709}.Release|Any CPU.ActiveCfg = Release|Any CPU
		{4DA222AC-B297-4F3D-8088-7D2F2D3F5709}.Release|Any CPU.Build.0 = Release|Any CPU
		{376A421B-8459-4006-BEDF-1B93089C58DA}.Debug|Any CPU.ActiveCfg = Debug|Any CPU
		{376A421B-8459-4006-BEDF-1B93089C58DA}.Debug|Any CPU.Build.0 = Debug|Any CPU
		{376A421B-8459-4006-BEDF-1B93089C58DA}.Release|Any CPU.ActiveCfg = Release|Any CPU
		{376A421B-8459-4006-BEDF-1B93089C58DA}.Release|Any CPU.Build.0 = Release|Any CPU
	EndGlobalSection
	GlobalSection(SolutionProperties) = preSolution
		HideSolutionNode = FALSE
	EndGlobalSection
	GlobalSection(NestedProjects) = preSolution
		{C9FDFFAE-4858-4077-BE92-541A1972A073} = {AD164A5C-9587-445D-8C2F-BD490AC92724}
		{C7F8DBE6-77B7-494D-AF00-018F7579548C} = {4744CD6C-82C3-4D38-A708-3D301A74397F}
		{75B2077C-F431-4ED4-A500-3284EC81923D} = {34D6BFE4-B3FA-4D6D-B920-1BFF3A050A7B}
		{AD164A5C-9587-445D-8C2F-BD490AC92724} = {1F97D5A4-285F-4962-8F8C-BCEF8278143B}
		{E82A056E-FD11-4803-9AE1-C8AC93CB876E} = {1F97D5A4-285F-4962-8F8C-BCEF8278143B}
		{E0985434-2288-46CD-89F2-233DCEA4105A} = {1F97D5A4-285F-4962-8F8C-BCEF8278143B}
		{E71289A9-31F5-4016-8BEC-A2EF2221D34D} = {1F97D5A4-285F-4962-8F8C-BCEF8278143B}
		{0D998A83-A928-49C3-B9A6-F6CFFDEE6208} = {E82A056E-FD11-4803-9AE1-C8AC93CB876E}
		{34D6BFE4-B3FA-4D6D-B920-1BFF3A050A7B} = {ABC72801-895A-4C64-B795-B8CD5B56CEA8}
		{19EDC8D9-70F4-4EF6-9BF6-53528CFE758C} = {34D6BFE4-B3FA-4D6D-B920-1BFF3A050A7B}
		{3CB819D1-4AEB-4BA6-A6A0-78D11D9A39EA} = {ABC72801-895A-4C64-B795-B8CD5B56CEA8}
		{1BCCEE0F-E09A-4F45-A21F-18B0AAE46920} = {ABC72801-895A-4C64-B795-B8CD5B56CEA8}
		{9D374B1E-C278-4027-A610-0366CC549F54} = {1BCCEE0F-E09A-4F45-A21F-18B0AAE46920}
		{EDA217B8-EBD6-4849-8A76-1F33B7A7FDC8} = {E0985434-2288-46CD-89F2-233DCEA4105A}
		{7ECAC2A5-50AA-4738-8706-F4ECEF578CEC} = {E0985434-2288-46CD-89F2-233DCEA4105A}
		{4DA222AC-B297-4F3D-8088-7D2F2D3F5709} = {E0985434-2288-46CD-89F2-233DCEA4105A}
		{376A421B-8459-4006-BEDF-1B93089C58DA} = {ABC72801-895A-4C64-B795-B8CD5B56CEA8}
	EndGlobalSection
	GlobalSection(ExtensibilityGlobals) = postSolution
		SolutionGuid = {93230366-D5C3-4397-83D3-ED46E43B8121}
	EndGlobalSection
EndGlobal
