
Microsoft Visual Studio Solution File, Format Version 12.00
# Visual Studio 15
VisualStudioVersion = 15.0.26228.9
MinimumVisualStudioVersion = 10.0.40219.1
Project("{2150E333-8FDC-42A3-9474-1A3956D46DE8}") = "src", "src", "{A78861D5-9752-461B-8F21-47620807BE20}"
EndProject
Project("{2150E333-8FDC-42A3-9474-1A3956D46DE8}") = "shared", "shared", "{CB15FB6C-A497-4C7D-A1B5-DC6F42CFECCC}"
EndProject
Project("{2150E333-8FDC-42A3-9474-1A3956D46DE8}") = "test", "test", "{2AE2468D-F08E-4DC1-9F5D-35A4013043C0}"
EndProject
Project("{D954291E-2A0B-460D-934E-DC6B0785DB48}") = "CuteAnt.Extensions.Reflection.Sources", "..\CuteAnt.Extensions.Common\src\CuteAnt.Extensions.Reflection.Sources\CuteAnt.Extensions.Reflection.Sources.shproj", "{C7F8DBE6-77B7-494D-AF00-018F7579548C}"
EndProject
Project("{D954291E-2A0B-460D-934E-DC6B0785DB48}") = "CuteAnt.Extensions.Logging.Sources", "..\CuteAnt.Extensions.Common\src\CuteAnt.Extensions.Logging.Sources\CuteAnt.Extensions.Logging.Sources.shproj", "{8DBB7DC8-2B90-4A8C-A60D-D41466174BDE}"
EndProject
Project("{D954291E-2A0B-460D-934E-DC6B0785DB48}") = "CuteAnt.Extensions.Sources", "..\CuteAnt.Extensions.Common\src\CuteAnt.Extensions.Sources\CuteAnt.Extensions.Sources.shproj", "{4BEE24D6-B657-4C44-8AE6-1697AD8C4A1B}"
EndProject
Project("{D954291E-2A0B-460D-934E-DC6B0785DB48}") = "CuteAnt.Extensions.IO.Sources", "..\CuteAnt.Extensions.Common\src\CuteAnt.Extensions.IO.Sources\CuteAnt.Extensions.IO.Sources.shproj", "{88B40B6F-FDBD-4384-9581-F53A140D4FFA}"
EndProject
Project("{D954291E-2A0B-460D-934E-DC6B0785DB48}") = "Nito.AsyncEx.Tasks.Sources", "..\CuteAnt.Extensions.Common\src\Nito.AsyncEx.Tasks.Sources\Nito.AsyncEx.Tasks.Sources.shproj", "{90BCC560-AA2B-4146-858A-9E524B696F75}"
EndProject
Project("{2150E333-8FDC-42A3-9474-1A3956D46DE8}") = "Core", "Core", "{31B1F2B1-6BF8-4E83-8CF0-347792B62E26}"
EndProject
Project("{2150E333-8FDC-42A3-9474-1A3956D46DE8}") = "Logging", "Logging", "{B8CCE92B-DD93-4728-A54D-6314A50B74F0}"
EndProject
Project("{2150E333-8FDC-42A3-9474-1A3956D46DE8}") = "IdentityModel", "IdentityModel", "{051B0C4B-6583-496C-B73D-FC56B69B6D9D}"
EndProject
Project("{2150E333-8FDC-42A3-9474-1A3956D46DE8}") = "nuspecs", "nuspecs", "{6E5D8926-C5BD-47E9-8B62-08EC3E578682}"
	ProjectSection(SolutionItems) = preProject
		nuspecs\publishing.cmd = nuspecs\publishing.cmd
	EndProjectSection
EndProject
Project("{D954291E-2A0B-460D-934E-DC6B0785DB48}") = "CuteAnt.Extensions.DateTimeUtilities.Sources", "..\CuteAnt.Extensions.Common\src\CuteAnt.Extensions.DateTimeUtilities.Sources\CuteAnt.Extensions.DateTimeUtilities.Sources.shproj", "{F0DCBA0C-1EE9-403C-931C-555776F6C680}"
EndProject
Project("{9A19103F-16F7-4668-BE54-9A1E7A4F7556}") = "CuteAnt", "src\CuteAnt\CuteAnt.csproj", "{8559EACA-4A37-4CEB-8671-DC99EB58F94C}"
EndProject
Project("{9A19103F-16F7-4668-BE54-9A1E7A4F7556}") = "CuteAnt.AsyncEx", "src\CuteAnt.AsyncEx\CuteAnt.AsyncEx.csproj", "{A5ABDD18-2B59-4867-B94F-D0D53C55C609}"
EndProject
Project("{9A19103F-16F7-4668-BE54-9A1E7A4F7556}") = "CuteAnt.Extensions.DependencyInjection", "src\CuteAnt.Extensions.DependencyInjection\CuteAnt.Extensions.DependencyInjection.csproj", "{B14DA325-761D-4AEB-A390-86099BEBAA51}"
EndProject
Project("{9A19103F-16F7-4668-BE54-9A1E7A4F7556}") = "CuteAnt.SharpSerializer", "src\CuteAnt.SharpSerializer\CuteAnt.SharpSerializer.csproj", "{FA876468-103A-4474-87F3-D675E6727B74}"
EndProject
Project("{9A19103F-16F7-4668-BE54-9A1E7A4F7556}") = "CuteAnt.Extensions.Logging.NLog", "src\CuteAnt.Extensions.Logging.NLog\CuteAnt.Extensions.Logging.NLog.csproj", "{1B1CB491-82D5-400C-AB5A-5D66D712089E}"
EndProject
Project("{9A19103F-16F7-4668-BE54-9A1E7A4F7556}") = "CuteAnt.Extensions.Logging.Serilog", "src\CuteAnt.Extensions.Logging.Serilog\CuteAnt.Extensions.Logging.Serilog.csproj", "{BC492A62-E96D-483B-BC46-2B1EB6AE5A17}"
EndProject
Project("{9A19103F-16F7-4668-BE54-9A1E7A4F7556}") = "CuteAnt.IdentityModel.Tokens.Jwt", "src\CuteAnt.IdentityModel.Tokens.Jwt\CuteAnt.IdentityModel.Tokens.Jwt.csproj", "{429E765E-48DF-42AA-9FE6-BDB161870E61}"
EndProject
Project("{9A19103F-16F7-4668-BE54-9A1E7A4F7556}") = "CuteAnt.IdentityModel.Protocol.Extensions", "src\CuteAnt.IdentityModel.Protocol.Extensions\CuteAnt.IdentityModel.Protocol.Extensions.csproj", "{08ACBE6B-3603-4560-842E-49F913C36481}"
EndProject
Project("{9A19103F-16F7-4668-BE54-9A1E7A4F7556}") = "CuteAnt.Tests", "test\CuteAnt.Tests\CuteAnt.Tests.csproj", "{7F88C67D-D34E-4516-B719-A66FE8725322}"
EndProject
Global
	GlobalSection(SharedMSBuildProjectFiles) = preSolution
		..\CuteAnt.Extensions.Common\src\CuteAnt.Extensions.Sources\CuteAnt.Extensions.Sources.projitems*{4bee24d6-b657-4c44-8ae6-1697ad8c4a1b}*SharedItemsImports = 13
		..\CuteAnt.Extensions.Common\src\CuteAnt.Extensions.IO.Sources\CuteAnt.Extensions.IO.Sources.projitems*{88b40b6f-fdbd-4384-9581-f53a140d4ffa}*SharedItemsImports = 13
		..\CuteAnt.Extensions.Common\src\CuteAnt.Extensions.Logging.Sources\CuteAnt.Extensions.Logging.Sources.projitems*{8dbb7dc8-2b90-4a8c-a60d-d41466174bde}*SharedItemsImports = 13
		..\CuteAnt.Extensions.Common\src\Nito.AsyncEx.Tasks.Sources\Nito.AsyncEx.Tasks.Sources.projitems*{90bcc560-aa2b-4146-858a-9e524b696f75}*SharedItemsImports = 13
		..\CuteAnt.Extensions.Common\src\CuteAnt.Extensions.Reflection.Sources\CuteAnt.Extensions.Reflection.Sources.projitems*{c7f8dbe6-77b7-494d-af00-018f7579548c}*SharedItemsImports = 13
		..\CuteAnt.Extensions.Common\src\CuteAnt.Extensions.DateTimeUtilities.Sources\CuteAnt.Extensions.DateTimeUtilities.Sources.projitems*{f0dcba0c-1ee9-403c-931c-555776f6c680}*SharedItemsImports = 13
	EndGlobalSection
	GlobalSection(SolutionConfigurationPlatforms) = preSolution
		Debug|Any CPU = Debug|Any CPU
		Release|Any CPU = Release|Any CPU
	EndGlobalSection
	GlobalSection(ProjectConfigurationPlatforms) = postSolution
		{8559EACA-4A37-4CEB-8671-DC99EB58F94C}.Debug|Any CPU.ActiveCfg = Debug|Any CPU
		{8559EACA-4A37-4CEB-8671-DC99EB58F94C}.Debug|Any CPU.Build.0 = Debug|Any CPU
		{8559EACA-4A37-4CEB-8671-DC99EB58F94C}.Release|Any CPU.ActiveCfg = Release|Any CPU
		{8559EACA-4A37-4CEB-8671-DC99EB58F94C}.Release|Any CPU.Build.0 = Release|Any CPU
		{A5ABDD18-2B59-4867-B94F-D0D53C55C609}.Debug|Any CPU.ActiveCfg = Debug|Any CPU
		{A5ABDD18-2B59-4867-B94F-D0D53C55C609}.Debug|Any CPU.Build.0 = Debug|Any CPU
		{A5ABDD18-2B59-4867-B94F-D0D53C55C609}.Release|Any CPU.ActiveCfg = Release|Any CPU
		{A5ABDD18-2B59-4867-B94F-D0D53C55C609}.Release|Any CPU.Build.0 = Release|Any CPU
		{B14DA325-761D-4AEB-A390-86099BEBAA51}.Debug|Any CPU.ActiveCfg = Debug|Any CPU
		{B14DA325-761D-4AEB-A390-86099BEBAA51}.Debug|Any CPU.Build.0 = Debug|Any CPU
		{B14DA325-761D-4AEB-A390-86099BEBAA51}.Release|Any CPU.ActiveCfg = Release|Any CPU
		{B14DA325-761D-4AEB-A390-86099BEBAA51}.Release|Any CPU.Build.0 = Release|Any CPU
		{FA876468-103A-4474-87F3-D675E6727B74}.Debug|Any CPU.ActiveCfg = Debug|Any CPU
		{FA876468-103A-4474-87F3-D675E6727B74}.Debug|Any CPU.Build.0 = Debug|Any CPU
		{FA876468-103A-4474-87F3-D675E6727B74}.Release|Any CPU.ActiveCfg = Release|Any CPU
		{FA876468-103A-4474-87F3-D675E6727B74}.Release|Any CPU.Build.0 = Release|Any CPU
		{1B1CB491-82D5-400C-AB5A-5D66D712089E}.Debug|Any CPU.ActiveCfg = Debug|Any CPU
		{1B1CB491-82D5-400C-AB5A-5D66D712089E}.Debug|Any CPU.Build.0 = Debug|Any CPU
		{1B1CB491-82D5-400C-AB5A-5D66D712089E}.Release|Any CPU.ActiveCfg = Release|Any CPU
		{1B1CB491-82D5-400C-AB5A-5D66D712089E}.Release|Any CPU.Build.0 = Release|Any CPU
		{BC492A62-E96D-483B-BC46-2B1EB6AE5A17}.Debug|Any CPU.ActiveCfg = Debug|Any CPU
		{BC492A62-E96D-483B-BC46-2B1EB6AE5A17}.Debug|Any CPU.Build.0 = Debug|Any CPU
		{BC492A62-E96D-483B-BC46-2B1EB6AE5A17}.Release|Any CPU.ActiveCfg = Release|Any CPU
		{BC492A62-E96D-483B-BC46-2B1EB6AE5A17}.Release|Any CPU.Build.0 = Release|Any CPU
		{429E765E-48DF-42AA-9FE6-BDB161870E61}.Debug|Any CPU.ActiveCfg = Debug|Any CPU
		{429E765E-48DF-42AA-9FE6-BDB161870E61}.Debug|Any CPU.Build.0 = Debug|Any CPU
		{429E765E-48DF-42AA-9FE6-BDB161870E61}.Release|Any CPU.ActiveCfg = Release|Any CPU
		{429E765E-48DF-42AA-9FE6-BDB161870E61}.Release|Any CPU.Build.0 = Release|Any CPU
		{08ACBE6B-3603-4560-842E-49F913C36481}.Debug|Any CPU.ActiveCfg = Debug|Any CPU
		{08ACBE6B-3603-4560-842E-49F913C36481}.Debug|Any CPU.Build.0 = Debug|Any CPU
		{08ACBE6B-3603-4560-842E-49F913C36481}.Release|Any CPU.ActiveCfg = Release|Any CPU
		{08ACBE6B-3603-4560-842E-49F913C36481}.Release|Any CPU.Build.0 = Release|Any CPU
		{7F88C67D-D34E-4516-B719-A66FE8725322}.Debug|Any CPU.ActiveCfg = Debug|Any CPU
		{7F88C67D-D34E-4516-B719-A66FE8725322}.Debug|Any CPU.Build.0 = Debug|Any CPU
		{7F88C67D-D34E-4516-B719-A66FE8725322}.Release|Any CPU.ActiveCfg = Release|Any CPU
		{7F88C67D-D34E-4516-B719-A66FE8725322}.Release|Any CPU.Build.0 = Release|Any CPU
	EndGlobalSection
	GlobalSection(SolutionProperties) = preSolution
		HideSolutionNode = FALSE
	EndGlobalSection
	GlobalSection(NestedProjects) = preSolution
		{C7F8DBE6-77B7-494D-AF00-018F7579548C} = {CB15FB6C-A497-4C7D-A1B5-DC6F42CFECCC}
		{8DBB7DC8-2B90-4A8C-A60D-D41466174BDE} = {CB15FB6C-A497-4C7D-A1B5-DC6F42CFECCC}
		{4BEE24D6-B657-4C44-8AE6-1697AD8C4A1B} = {CB15FB6C-A497-4C7D-A1B5-DC6F42CFECCC}
		{88B40B6F-FDBD-4384-9581-F53A140D4FFA} = {CB15FB6C-A497-4C7D-A1B5-DC6F42CFECCC}
		{90BCC560-AA2B-4146-858A-9E524B696F75} = {CB15FB6C-A497-4C7D-A1B5-DC6F42CFECCC}
		{31B1F2B1-6BF8-4E83-8CF0-347792B62E26} = {A78861D5-9752-461B-8F21-47620807BE20}
		{B8CCE92B-DD93-4728-A54D-6314A50B74F0} = {A78861D5-9752-461B-8F21-47620807BE20}
		{051B0C4B-6583-496C-B73D-FC56B69B6D9D} = {A78861D5-9752-461B-8F21-47620807BE20}
		{F0DCBA0C-1EE9-403C-931C-555776F6C680} = {CB15FB6C-A497-4C7D-A1B5-DC6F42CFECCC}
		{8559EACA-4A37-4CEB-8671-DC99EB58F94C} = {31B1F2B1-6BF8-4E83-8CF0-347792B62E26}
		{A5ABDD18-2B59-4867-B94F-D0D53C55C609} = {31B1F2B1-6BF8-4E83-8CF0-347792B62E26}
		{B14DA325-761D-4AEB-A390-86099BEBAA51} = {31B1F2B1-6BF8-4E83-8CF0-347792B62E26}
		{FA876468-103A-4474-87F3-D675E6727B74} = {31B1F2B1-6BF8-4E83-8CF0-347792B62E26}
		{1B1CB491-82D5-400C-AB5A-5D66D712089E} = {B8CCE92B-DD93-4728-A54D-6314A50B74F0}
		{BC492A62-E96D-483B-BC46-2B1EB6AE5A17} = {B8CCE92B-DD93-4728-A54D-6314A50B74F0}
		{429E765E-48DF-42AA-9FE6-BDB161870E61} = {051B0C4B-6583-496C-B73D-FC56B69B6D9D}
		{08ACBE6B-3603-4560-842E-49F913C36481} = {051B0C4B-6583-496C-B73D-FC56B69B6D9D}
		{7F88C67D-D34E-4516-B719-A66FE8725322} = {2AE2468D-F08E-4DC1-9F5D-35A4013043C0}
	EndGlobalSection
EndGlobal
