
Microsoft Visual Studio Solution File, Format Version 12.00
# Visual Studio 14
VisualStudioVersion = 14.0.24720.0
MinimumVisualStudioVersion = 10.0.40219.1
Project("{2150E333-8FDC-42A3-9474-1A3956D46DE8}") = "src", "src", "{FD46156B-EDAA-4F1D-A9DE-4F023DA86EB8}"
EndProject
Project("{2150E333-8FDC-42A3-9474-1A3956D46DE8}") = "Solution Items", "Solution Items", "{9ED131A5-070E-44FB-BC7B-67C8EC47CB39}"
	ProjectSection(SolutionItems) = preProject
		Common\AssemblyVersion.cs = Common\AssemblyVersion.cs
		Common\CommonAssemblyInfo.cs = Common\CommonAssemblyInfo.cs
		Common\CommonVersionInfo.cs = Common\CommonVersionInfo.cs
		global.json = global.json
		NuGet.Config = NuGet.Config
	EndProjectSection
EndProject
Project("{8BB2217D-0F2D-49D1-97BC-3654ED321F3B}") = "CuteAnt", "src\CuteAnt\CuteAnt.xproj", "{7632C398-92E0-4D61-A693-1ECF3B776E3F}"
EndProject
Project("{2150E333-8FDC-42A3-9474-1A3956D46DE8}") = "SharedProjects", "SharedProjects", "{3BE5496D-DB5B-4D8E-AB02-352B7DE87E79}"
EndProject
Project("{8BB2217D-0F2D-49D1-97BC-3654ED321F3B}") = "CuteAnt.Extensions.Sources", "src\CuteAnt.Extensions.Sources\CuteAnt.Extensions.Sources.xproj", "{532A5A05-E5AA-49EF-AB90-07159C2B5C74}"
EndProject
Project("{8BB2217D-0F2D-49D1-97BC-3654ED321F3B}") = "CuteAnt.Extensions.IO.Sources", "src\CuteAnt.Extensions.IO.Sources\CuteAnt.Extensions.IO.Sources.xproj", "{4965F482-4D97-4710-A931-28EBCD1B93D9}"
EndProject
Project("{8BB2217D-0F2D-49D1-97BC-3654ED321F3B}") = "CuteAnt.Extensions.Reflection.Sources", "src\CuteAnt.Extensions.Reflection.Sources\CuteAnt.Extensions.Reflection.Sources.xproj", "{A07343DF-46E3-455C-B5A0-FE053E97CF3B}"
EndProject
Project("{8BB2217D-0F2D-49D1-97BC-3654ED321F3B}") = "CuteAnt.Extensions.Security.Sources", "src\CuteAnt.Extensions.Security.Sources\CuteAnt.Extensions.Security.Sources.xproj", "{CE9BB66F-5680-45D9-9A88-E64955B5C336}"
EndProject
Project("{8BB2217D-0F2D-49D1-97BC-3654ED321F3B}") = "CuteAnt.AsyncEx", "src\CuteAnt.AsyncEx\CuteAnt.AsyncEx.xproj", "{6F58E510-7903-43D5-918E-077491B8D8D8}"
EndProject
Project("{8BB2217D-0F2D-49D1-97BC-3654ED321F3B}") = "AspNetWebStack.Common.Collection.Sources", "src\AspNetWebStack.Common.Collection.Sources\AspNetWebStack.Common.Collection.Sources.xproj", "{F63F8631-3B91-494D-A73E-12844B9DAF6C}"
EndProject
Project("{8BB2217D-0F2D-49D1-97BC-3654ED321F3B}") = "AspNetWebStack.Common.TaskExtensions.Sources", "src\AspNetWebStack.Common.TaskExtensions.Sources\AspNetWebStack.Common.TaskExtensions.Sources.xproj", "{094083BE-AF72-4DE0-8494-B5C7DD18EB98}"
EndProject
Project("{8BB2217D-0F2D-49D1-97BC-3654ED321F3B}") = "BitManipulator.Sources", "src\BitManipulator.Sources\BitManipulator.Sources.xproj", "{F0C3A9F4-9925-4927-8826-2EED61FFB151}"
EndProject
Project("{8BB2217D-0F2D-49D1-97BC-3654ED321F3B}") = "CoreFX.Common.Sources", "src\CoreFX.Common.Sources\CoreFX.Common.Sources.xproj", "{AACCEA63-2063-4B82-816E-64CDFCEE8C56}"
EndProject
Project("{8BB2217D-0F2D-49D1-97BC-3654ED321F3B}") = "CuteAnt.Extensions.Async.Sources", "src\CuteAnt.Extensions.Async.Sources\CuteAnt.Extensions.Async.Sources.xproj", "{8D96C23E-7879-4BC1-82F0-C12A8E88659E}"
EndProject
Project("{8BB2217D-0F2D-49D1-97BC-3654ED321F3B}") = "Nito.AsyncEx.Tasks.Sources", "src\Nito.AsyncEx.Tasks.Sources\Nito.AsyncEx.Tasks.Sources.xproj", "{3DC2825C-91C2-4D25-B804-0D97FE025A52}"
EndProject
Project("{2150E333-8FDC-42A3-9474-1A3956D46DE8}") = "Core", "Core", "{FA666337-66FD-428C-AE89-E16BD76EB773}"
EndProject
Project("{2150E333-8FDC-42A3-9474-1A3956D46DE8}") = "Serialization", "Serialization", "{40CB25EA-DCAE-47E3-A360-694C12E12977}"
EndProject
Project("{8BB2217D-0F2D-49D1-97BC-3654ED321F3B}") = "protobuf-net", "src\protobuf-net\protobuf-net.xproj", "{FF1BE072-0048-4C41-9A6A-683A70214867}"
EndProject
Project("{8BB2217D-0F2D-49D1-97BC-3654ED321F3B}") = "System.ServiceModel.Internals.Interop", "src\System.ServiceModel.Internals.Interop\System.ServiceModel.Internals.Interop.xproj", "{4A88CD40-345F-4D58-A507-98A5EAF7F20E}"
EndProject
Project("{8BB2217D-0F2D-49D1-97BC-3654ED321F3B}") = "CuteAnt.SharpSerializer", "src\CuteAnt.SharpSerializer\CuteAnt.SharpSerializer.xproj", "{B392E83E-84DF-4C0C-A055-7E628D50BA99}"
EndProject
Project("{8BB2217D-0F2D-49D1-97BC-3654ED321F3B}") = "CuteAnt.OrmLite", "src\CuteAnt.OrmLite\CuteAnt.OrmLite.xproj", "{FDD6DFE8-D74F-4B35-B7D3-EDF6327F0438}"
EndProject
Project("{2150E333-8FDC-42A3-9474-1A3956D46DE8}") = "IdentityModel", "IdentityModel", "{71490DA1-C6CA-417E-BC9F-A3AD0669A092}"
EndProject
Project("{8BB2217D-0F2D-49D1-97BC-3654ED321F3B}") = "CuteAnt.IdentityModel.Tokens.Jwt", "src\CuteAnt.IdentityModel.Tokens.Jwt\CuteAnt.IdentityModel.Tokens.Jwt.xproj", "{C71E5C9F-7FC9-4E20-8711-1EAE3A50B006}"
EndProject
Project("{8BB2217D-0F2D-49D1-97BC-3654ED321F3B}") = "CuteAnt.IdentityModel.Protocol.Extensions", "src\CuteAnt.IdentityModel.Protocol.Extensions\CuteAnt.IdentityModel.Protocol.Extensions.xproj", "{20D6A3CC-6BCF-4E77-B949-0BF206BA73D1}"
EndProject
Project("{8BB2217D-0F2D-49D1-97BC-3654ED321F3B}") = "System.Data.SQLite", "src\System.Data.SQLite\System.Data.SQLite.xproj", "{A70E9F30-F2C2-406C-BC84-6DFE2240A94F}"
EndProject
Project("{8BB2217D-0F2D-49D1-97BC-3654ED321F3B}") = "MySql.Data", "src\MySql.Data\MySql.Data.xproj", "{7A2EB2C4-AB63-41DB-B220-D8E0C375A8CF}"
EndProject
Project("{2150E333-8FDC-42A3-9474-1A3956D46DE8}") = "OrmLite", "OrmLite", "{36B8150D-FD40-4558-B0E2-BB273016C981}"
EndProject
Project("{8BB2217D-0F2D-49D1-97BC-3654ED321F3B}") = "CuteAnt.Extensions.DependencyInjection.Abstractions", "src\CuteAnt.Extensions.DependencyInjection.Abstractions\CuteAnt.Extensions.DependencyInjection.Abstractions.xproj", "{00DF17D0-D331-4963-9290-983279C1CA85}"
EndProject
Project("{8BB2217D-0F2D-49D1-97BC-3654ED321F3B}") = "CuteAnt.Extensions.DependencyInjection", "src\CuteAnt.Extensions.DependencyInjection\CuteAnt.Extensions.DependencyInjection.xproj", "{9F1878A7-82FE-4F24-B921-F09B80D4C612}"
EndProject
Project("{2150E333-8FDC-42A3-9474-1A3956D46DE8}") = "DependencyInjection", "DependencyInjection", "{814CB362-160C-4405-8034-F974641498A7}"
EndProject
Project("{8BB2217D-0F2D-49D1-97BC-3654ED321F3B}") = "Autofac", "src\Autofac\Autofac.xproj", "{C9FDFFAE-4858-4077-BE92-541A1972A073}"
EndProject
Project("{8BB2217D-0F2D-49D1-97BC-3654ED321F3B}") = "Autofac.Configuration", "src\Autofac.Configuration\Autofac.Configuration.xproj", "{ABFC16DD-232D-436C-8F61-C61C4E69A8E5}"
EndProject
Project("{8BB2217D-0F2D-49D1-97BC-3654ED321F3B}") = "Autofac.Extensions.DependencyInjection", "src\Autofac.Extensions.DependencyInjection\Autofac.Extensions.DependencyInjection.xproj", "{59E5DDCD-F552-43C6-AC4D-AA37274A2B39}"
EndProject
Project("{2150E333-8FDC-42A3-9474-1A3956D46DE8}") = "AutofacX", "AutofacX", "{FEF74E65-D0D7-4176-ADB5-4FCF77084D06}"
EndProject
Project("{8BB2217D-0F2D-49D1-97BC-3654ED321F3B}") = "CuteAnt.Extensions.Logging.Abstractions", "src\CuteAnt.Extensions.Logging.Abstractions\CuteAnt.Extensions.Logging.Abstractions.xproj", "{88D14C0A-E72B-4651-84A9-C6FE86CBB660}"
EndProject
Project("{8BB2217D-0F2D-49D1-97BC-3654ED321F3B}") = "CuteAnt.Extensions.Logging", "src\CuteAnt.Extensions.Logging\CuteAnt.Extensions.Logging.xproj", "{8791936A-E57E-4E31-B56F-D3B2667AFFAE}"
EndProject
Project("{8BB2217D-0F2D-49D1-97BC-3654ED321F3B}") = "CuteAnt.Extensions.Logging.Console", "src\CuteAnt.Extensions.Logging.Console\CuteAnt.Extensions.Logging.Console.xproj", "{6543E535-7282-4B45-8CF3-E72A6CE52C92}"
EndProject
Project("{8BB2217D-0F2D-49D1-97BC-3654ED321F3B}") = "CuteAnt.Extensions.Logging.Debug", "src\CuteAnt.Extensions.Logging.Debug\CuteAnt.Extensions.Logging.Debug.xproj", "{CEEF6425-A56E-4817-86D4-0168E572D0A3}"
EndProject
Project("{8BB2217D-0F2D-49D1-97BC-3654ED321F3B}") = "CuteAnt.Extensions.Logging.EventLog", "src\CuteAnt.Extensions.Logging.EventLog\CuteAnt.Extensions.Logging.EventLog.xproj", "{49FF5B5F-1C42-40E2-A51E-CF9E489529EF}"
EndProject
Project("{8BB2217D-0F2D-49D1-97BC-3654ED321F3B}") = "CuteAnt.Extensions.Logging.NLog", "src\CuteAnt.Extensions.Logging.NLog\CuteAnt.Extensions.Logging.NLog.xproj", "{AFC10671-736D-42FC-8799-CC6C63F6999E}"
EndProject
Project("{8BB2217D-0F2D-49D1-97BC-3654ED321F3B}") = "CuteAnt.Extensions.Logging.TraceSource", "src\CuteAnt.Extensions.Logging.TraceSource\CuteAnt.Extensions.Logging.TraceSource.xproj", "{DBB96398-6463-4A79-AC20-4FE19D3B36CF}"
EndProject
Project("{2150E333-8FDC-42A3-9474-1A3956D46DE8}") = "Logging", "Logging", "{314D5AFE-2A7B-4CFF-8476-4929AC47EDEA}"
EndProject
Project("{8BB2217D-0F2D-49D1-97BC-3654ED321F3B}") = "CuteAnt.Extensions.ActivatorUtilities.Sources", "src\CuteAnt.Extensions.ActivatorUtilities.Sources\CuteAnt.Extensions.ActivatorUtilities.Sources.xproj", "{34B9D93D-B00F-45E1-B7D8-2AC59315D53D}"
EndProject
Project("{8BB2217D-0F2D-49D1-97BC-3654ED321F3B}") = "CuteAnt.Extensions.ClosedGenericMatcher.Sources", "src\CuteAnt.Extensions.ClosedGenericMatcher.Sources\CuteAnt.Extensions.ClosedGenericMatcher.Sources.xproj", "{E7B26092-04EF-4E45-A7AA-6C32063155FA}"
EndProject
Project("{8BB2217D-0F2D-49D1-97BC-3654ED321F3B}") = "CuteAnt.Extensions.CopyOnWriteDictionary.Sources", "src\CuteAnt.Extensions.CopyOnWriteDictionary.Sources\CuteAnt.Extensions.CopyOnWriteDictionary.Sources.xproj", "{EABF1D82-0383-4896-BBF9-012F661F050A}"
EndProject
Project("{8BB2217D-0F2D-49D1-97BC-3654ED321F3B}") = "CuteAnt.Extensions.HashCodeCombiner.Sources", "src\CuteAnt.Extensions.HashCodeCombiner.Sources\CuteAnt.Extensions.HashCodeCombiner.Sources.xproj", "{2E204A4F-42A9-4B06-8AE9-BE7887083D95}"
EndProject
Project("{8BB2217D-0F2D-49D1-97BC-3654ED321F3B}") = "CuteAnt.Extensions.Primitives", "src\CuteAnt.Extensions.Primitives\CuteAnt.Extensions.Primitives.xproj", "{06CEF696-9118-4481-9208-FDDD080A8972}"
EndProject
Project("{8BB2217D-0F2D-49D1-97BC-3654ED321F3B}") = "CuteAnt.Extensions.PropertyActivator.Sources", "src\CuteAnt.Extensions.PropertyActivator.Sources\CuteAnt.Extensions.PropertyActivator.Sources.xproj", "{11F21286-564B-4EE3-BDA5-6D1024A812A3}"
EndProject
Project("{8BB2217D-0F2D-49D1-97BC-3654ED321F3B}") = "CuteAnt.Extensions.PropertyHelper.Sources", "src\CuteAnt.Extensions.PropertyHelper.Sources\CuteAnt.Extensions.PropertyHelper.Sources.xproj", "{8CF814AC-3C5C-4C84-9EE8-A5BEB20A76FC}"
EndProject
Project("{8BB2217D-0F2D-49D1-97BC-3654ED321F3B}") = "CuteAnt.Extensions.SecurityHelper.Sources", "src\CuteAnt.Extensions.SecurityHelper.Sources\CuteAnt.Extensions.SecurityHelper.Sources.xproj", "{84862A3C-0AD2-480C-9C0E-A9F0D270FE69}"
EndProject
Project("{8BB2217D-0F2D-49D1-97BC-3654ED321F3B}") = "CuteAnt.Extensions.TypeNameHelper.Sources", "src\CuteAnt.Extensions.TypeNameHelper.Sources\CuteAnt.Extensions.TypeNameHelper.Sources.xproj", "{D8204044-34CB-48B1-BFC3-0C6B61E1F0D6}"
EndProject
Project("{2150E333-8FDC-42A3-9474-1A3956D46DE8}") = "Common", "Common", "{45A30107-E174-4EBF-BC57-D43BD3AB29ED}"
EndProject
Project("{2150E333-8FDC-42A3-9474-1A3956D46DE8}") = "Configuration", "Configuration", "{4E91C2DE-DD3A-472C-B04C-AFDC22777025}"
EndProject
Project("{2150E333-8FDC-42A3-9474-1A3956D46DE8}") = "Caching", "Caching", "{7F60A11E-EB0A-4715-96C6-FD09D653DBF7}"
EndProject
Project("{2150E333-8FDC-42A3-9474-1A3956D46DE8}") = "Localization", "Localization", "{FA50D8C4-D01C-4CD4-B29B-9F4A89C79F8E}"
EndProject
Project("{2150E333-8FDC-42A3-9474-1A3956D46DE8}") = "FileSystem", "FileSystem", "{3EF4DAB4-FE91-4510-A379-13C3E442275A}"
EndProject
Project("{8BB2217D-0F2D-49D1-97BC-3654ED321F3B}") = "CuteAnt.Extensions.Configuration.Abstractions", "src\CuteAnt.Extensions.Configuration.Abstractions\CuteAnt.Extensions.Configuration.Abstractions.xproj", "{F0602E8E-431B-431C-9196-48F2E9CCB682}"
EndProject
Project("{8BB2217D-0F2D-49D1-97BC-3654ED321F3B}") = "CuteAnt.Extensions.Configuration", "src\CuteAnt.Extensions.Configuration\CuteAnt.Extensions.Configuration.xproj", "{A55CE570-E091-46E1-98AD-F607C07F4307}"
EndProject
Project("{8BB2217D-0F2D-49D1-97BC-3654ED321F3B}") = "CuteAnt.Extensions.Configuration.Binder", "src\CuteAnt.Extensions.Configuration.Binder\CuteAnt.Extensions.Configuration.Binder.xproj", "{BDC0C2C7-E243-4629-9B5D-56B8DE9330ED}"
EndProject
Project("{8BB2217D-0F2D-49D1-97BC-3654ED321F3B}") = "CuteAnt.Extensions.Configuration.CommandLine", "src\CuteAnt.Extensions.Configuration.CommandLine\CuteAnt.Extensions.Configuration.CommandLine.xproj", "{78EBF4BD-934A-4ACD-880E-88DACA089A8C}"
EndProject
Project("{8BB2217D-0F2D-49D1-97BC-3654ED321F3B}") = "CuteAnt.Extensions.Configuration.EnvironmentVariables", "src\CuteAnt.Extensions.Configuration.EnvironmentVariables\CuteAnt.Extensions.Configuration.EnvironmentVariables.xproj", "{F7B9523C-1A2E-4991-891B-98C84A4B1B04}"
EndProject
Project("{8BB2217D-0F2D-49D1-97BC-3654ED321F3B}") = "CuteAnt.Extensions.Configuration.FileExtensions", "src\CuteAnt.Extensions.Configuration.FileExtensions\CuteAnt.Extensions.Configuration.FileExtensions.xproj", "{5696727D-1F53-4EC1-9628-30586A94BE3C}"
EndProject
Project("{8BB2217D-0F2D-49D1-97BC-3654ED321F3B}") = "CuteAnt.Extensions.Configuration.FileProviderExtensions", "src\CuteAnt.Extensions.Configuration.FileProviderExtensions\CuteAnt.Extensions.Configuration.FileProviderExtensions.xproj", "{A546E9E3-89FF-4DA1-ADB4-157D40641A26}"
EndProject
Project("{8BB2217D-0F2D-49D1-97BC-3654ED321F3B}") = "CuteAnt.Extensions.Configuration.Ini", "src\CuteAnt.Extensions.Configuration.Ini\CuteAnt.Extensions.Configuration.Ini.xproj", "{D391C244-E0CF-407C-9108-970F94CA7377}"
EndProject
Project("{8BB2217D-0F2D-49D1-97BC-3654ED321F3B}") = "CuteAnt.Extensions.Configuration.Json", "src\CuteAnt.Extensions.Configuration.Json\CuteAnt.Extensions.Configuration.Json.xproj", "{7C961E6E-BCC4-4268-99C6-06E9BFA846CB}"
EndProject
Project("{8BB2217D-0F2D-49D1-97BC-3654ED321F3B}") = "CuteAnt.Extensions.Configuration.Xml", "src\CuteAnt.Extensions.Configuration.Xml\CuteAnt.Extensions.Configuration.Xml.xproj", "{7F071839-006E-48A4-A9B3-1AF25FC17FD9}"
EndProject
Project("{8BB2217D-0F2D-49D1-97BC-3654ED321F3B}") = "CuteAnt.Extensions.FileSystemGlobbing", "src\CuteAnt.Extensions.FileSystemGlobbing\CuteAnt.Extensions.FileSystemGlobbing.xproj", "{CB481FC6-67D1-43CF-B98A-D33002ECAA96}"
EndProject
Project("{8BB2217D-0F2D-49D1-97BC-3654ED321F3B}") = "CuteAnt.Extensions.FileProviders.Sources", "src\CuteAnt.Extensions.FileProviders.Sources\CuteAnt.Extensions.FileProviders.Sources.xproj", "{4CDF3B7C-65BE-4C68-A7DB-03A5A1F1A070}"
EndProject
Project("{8BB2217D-0F2D-49D1-97BC-3654ED321F3B}") = "CuteAnt.Extensions.FileProviders.Physical", "src\CuteAnt.Extensions.FileProviders.Physical\CuteAnt.Extensions.FileProviders.Physical.xproj", "{ADD171F6-6F9A-46C7-9FC5-6B0F081FC5EA}"
EndProject
Project("{8BB2217D-0F2D-49D1-97BC-3654ED321F3B}") = "CuteAnt.Extensions.FileProviders.Embedded", "src\CuteAnt.Extensions.FileProviders.Embedded\CuteAnt.Extensions.FileProviders.Embedded.xproj", "{DF903D91-307B-4748-B9BE-A4D05A364E58}"
EndProject
Project("{8BB2217D-0F2D-49D1-97BC-3654ED321F3B}") = "CuteAnt.Extensions.FileProviders.Abstractions", "src\CuteAnt.Extensions.FileProviders.Abstractions\CuteAnt.Extensions.FileProviders.Abstractions.xproj", "{3226109A-A18C-437D-93A0-6463ABDC9AB6}"
EndProject
Project("{8BB2217D-0F2D-49D1-97BC-3654ED321F3B}") = "CuteAnt.Extensions.OptionsModel", "src\CuteAnt.Extensions.OptionsModel\CuteAnt.Extensions.OptionsModel.xproj", "{012630E9-3DC5-4ED9-AB50-9AA989577EFE}"
EndProject
Project("{8BB2217D-0F2D-49D1-97BC-3654ED321F3B}") = "CuteAnt.Extensions.JsonPatch", "src\CuteAnt.Extensions.JsonPatch\CuteAnt.Extensions.JsonPatch.xproj", "{826DA415-90B2-4F2B-B593-003F029394D4}"
EndProject
Project("{8BB2217D-0F2D-49D1-97BC-3654ED321F3B}") = "CuteAnt.Extensions.Caching.Abstractions", "src\CuteAnt.Extensions.Caching.Abstractions\CuteAnt.Extensions.Caching.Abstractions.xproj", "{10C357AD-426E-4908-B26D-47EA71F8B557}"
EndProject
Project("{8BB2217D-0F2D-49D1-97BC-3654ED321F3B}") = "CuteAnt.Extensions.Caching.Memory", "src\CuteAnt.Extensions.Caching.Memory\CuteAnt.Extensions.Caching.Memory.xproj", "{DC902505-CC85-4B49-856F-79F5013475AE}"
EndProject
Project("{8BB2217D-0F2D-49D1-97BC-3654ED321F3B}") = "CuteAnt.Extensions.Caching.Redis", "src\CuteAnt.Extensions.Caching.Redis\CuteAnt.Extensions.Caching.Redis.xproj", "{D0D7D433-3DA8-4AC9-A906-0007944A614A}"
EndProject
Project("{8BB2217D-0F2D-49D1-97BC-3654ED321F3B}") = "CuteAnt.Extensions.Globalization.CultureInfoCache", "src\CuteAnt.Extensions.Globalization.CultureInfoCache\CuteAnt.Extensions.Globalization.CultureInfoCache.xproj", "{DA1301F9-11D9-407F-A469-06FD59163E2D}"
EndProject
Project("{8BB2217D-0F2D-49D1-97BC-3654ED321F3B}") = "CuteAnt.Extensions.Localization", "src\CuteAnt.Extensions.Localization\CuteAnt.Extensions.Localization.xproj", "{CB3F9695-99A4-4A22-9B13-09D2D811A1C1}"
EndProject
Project("{8BB2217D-0F2D-49D1-97BC-3654ED321F3B}") = "CuteAnt.Extensions.Localization.Abstractions", "src\CuteAnt.Extensions.Localization.Abstractions\CuteAnt.Extensions.Localization.Abstractions.xproj", "{314B6E02-2D1C-4438-824A-25CCF18EBB1E}"
EndProject
Project("{2150E333-8FDC-42A3-9474-1A3956D46DE8}") = "Samples", "Samples", "{98352AFB-64AF-456F-9E44-CB5CCB186F62}"
EndProject
Project("{8BB2217D-0F2D-49D1-97BC-3654ED321F3B}") = "CuteAnt.OrmLite.Testing", "Samples\CuteAnt.OrmLite.Testing\CuteAnt.OrmLite.Testing.xproj", "{9E4B7D18-EFA4-4B26-8BF9-F7EC85EE8EB8}"
EndProject
Project("{8BB2217D-0F2D-49D1-97BC-3654ED321F3B}") = "CuteAnt.OrmLite.Sprite", "src\CuteAnt.OrmLite.Sprite\CuteAnt.OrmLite.Sprite.xproj", "{BE5188D2-C7FE-4A08-AA1E-3E4DD0D33800}"
EndProject
Project("{8BB2217D-0F2D-49D1-97BC-3654ED321F3B}") = "IdentityModel", "src\IdentityModel\IdentityModel.xproj", "{1F85B332-3217-42A0-B085-DEF886BA72CA}"
EndProject
Global
	GlobalSection(SolutionConfigurationPlatforms) = preSolution
		Debug|Any CPU = Debug|Any CPU
		Release|Any CPU = Release|Any CPU
	EndGlobalSection
	GlobalSection(ProjectConfigurationPlatforms) = postSolution
		{7632C398-92E0-4D61-A693-1ECF3B776E3F}.Debug|Any CPU.ActiveCfg = Debug|Any CPU
		{7632C398-92E0-4D61-A693-1ECF3B776E3F}.Debug|Any CPU.Build.0 = Debug|Any CPU
		{7632C398-92E0-4D61-A693-1ECF3B776E3F}.Release|Any CPU.ActiveCfg = Release|Any CPU
		{7632C398-92E0-4D61-A693-1ECF3B776E3F}.Release|Any CPU.Build.0 = Release|Any CPU
		{532A5A05-E5AA-49EF-AB90-07159C2B5C74}.Debug|Any CPU.ActiveCfg = Debug|Any CPU
		{532A5A05-E5AA-49EF-AB90-07159C2B5C74}.Debug|Any CPU.Build.0 = Debug|Any CPU
		{532A5A05-E5AA-49EF-AB90-07159C2B5C74}.Release|Any CPU.ActiveCfg = Release|Any CPU
		{532A5A05-E5AA-49EF-AB90-07159C2B5C74}.Release|Any CPU.Build.0 = Release|Any CPU
		{4965F482-4D97-4710-A931-28EBCD1B93D9}.Debug|Any CPU.ActiveCfg = Debug|Any CPU
		{4965F482-4D97-4710-A931-28EBCD1B93D9}.Debug|Any CPU.Build.0 = Debug|Any CPU
		{4965F482-4D97-4710-A931-28EBCD1B93D9}.Release|Any CPU.ActiveCfg = Release|Any CPU
		{4965F482-4D97-4710-A931-28EBCD1B93D9}.Release|Any CPU.Build.0 = Release|Any CPU
		{A07343DF-46E3-455C-B5A0-FE053E97CF3B}.Debug|Any CPU.ActiveCfg = Debug|Any CPU
		{A07343DF-46E3-455C-B5A0-FE053E97CF3B}.Debug|Any CPU.Build.0 = Debug|Any CPU
		{A07343DF-46E3-455C-B5A0-FE053E97CF3B}.Release|Any CPU.ActiveCfg = Release|Any CPU
		{A07343DF-46E3-455C-B5A0-FE053E97CF3B}.Release|Any CPU.Build.0 = Release|Any CPU
		{CE9BB66F-5680-45D9-9A88-E64955B5C336}.Debug|Any CPU.ActiveCfg = Debug|Any CPU
		{CE9BB66F-5680-45D9-9A88-E64955B5C336}.Debug|Any CPU.Build.0 = Debug|Any CPU
		{CE9BB66F-5680-45D9-9A88-E64955B5C336}.Release|Any CPU.ActiveCfg = Release|Any CPU
		{CE9BB66F-5680-45D9-9A88-E64955B5C336}.Release|Any CPU.Build.0 = Release|Any CPU
		{6F58E510-7903-43D5-918E-077491B8D8D8}.Debug|Any CPU.ActiveCfg = Debug|Any CPU
		{6F58E510-7903-43D5-918E-077491B8D8D8}.Debug|Any CPU.Build.0 = Debug|Any CPU
		{6F58E510-7903-43D5-918E-077491B8D8D8}.Release|Any CPU.ActiveCfg = Release|Any CPU
		{6F58E510-7903-43D5-918E-077491B8D8D8}.Release|Any CPU.Build.0 = Release|Any CPU
		{F63F8631-3B91-494D-A73E-12844B9DAF6C}.Debug|Any CPU.ActiveCfg = Debug|Any CPU
		{F63F8631-3B91-494D-A73E-12844B9DAF6C}.Debug|Any CPU.Build.0 = Debug|Any CPU
		{F63F8631-3B91-494D-A73E-12844B9DAF6C}.Release|Any CPU.ActiveCfg = Release|Any CPU
		{F63F8631-3B91-494D-A73E-12844B9DAF6C}.Release|Any CPU.Build.0 = Release|Any CPU
		{094083BE-AF72-4DE0-8494-B5C7DD18EB98}.Debug|Any CPU.ActiveCfg = Debug|Any CPU
		{094083BE-AF72-4DE0-8494-B5C7DD18EB98}.Debug|Any CPU.Build.0 = Debug|Any CPU
		{094083BE-AF72-4DE0-8494-B5C7DD18EB98}.Release|Any CPU.ActiveCfg = Release|Any CPU
		{094083BE-AF72-4DE0-8494-B5C7DD18EB98}.Release|Any CPU.Build.0 = Release|Any CPU
		{F0C3A9F4-9925-4927-8826-2EED61FFB151}.Debug|Any CPU.ActiveCfg = Debug|Any CPU
		{F0C3A9F4-9925-4927-8826-2EED61FFB151}.Debug|Any CPU.Build.0 = Debug|Any CPU
		{F0C3A9F4-9925-4927-8826-2EED61FFB151}.Release|Any CPU.ActiveCfg = Release|Any CPU
		{F0C3A9F4-9925-4927-8826-2EED61FFB151}.Release|Any CPU.Build.0 = Release|Any CPU
		{AACCEA63-2063-4B82-816E-64CDFCEE8C56}.Debug|Any CPU.ActiveCfg = Debug|Any CPU
		{AACCEA63-2063-4B82-816E-64CDFCEE8C56}.Debug|Any CPU.Build.0 = Debug|Any CPU
		{AACCEA63-2063-4B82-816E-64CDFCEE8C56}.Release|Any CPU.ActiveCfg = Release|Any CPU
		{AACCEA63-2063-4B82-816E-64CDFCEE8C56}.Release|Any CPU.Build.0 = Release|Any CPU
		{8D96C23E-7879-4BC1-82F0-C12A8E88659E}.Debug|Any CPU.ActiveCfg = Debug|Any CPU
		{8D96C23E-7879-4BC1-82F0-C12A8E88659E}.Debug|Any CPU.Build.0 = Debug|Any CPU
		{8D96C23E-7879-4BC1-82F0-C12A8E88659E}.Release|Any CPU.ActiveCfg = Release|Any CPU
		{8D96C23E-7879-4BC1-82F0-C12A8E88659E}.Release|Any CPU.Build.0 = Release|Any CPU
		{3DC2825C-91C2-4D25-B804-0D97FE025A52}.Debug|Any CPU.ActiveCfg = Debug|Any CPU
		{3DC2825C-91C2-4D25-B804-0D97FE025A52}.Debug|Any CPU.Build.0 = Debug|Any CPU
		{3DC2825C-91C2-4D25-B804-0D97FE025A52}.Release|Any CPU.ActiveCfg = Release|Any CPU
		{3DC2825C-91C2-4D25-B804-0D97FE025A52}.Release|Any CPU.Build.0 = Release|Any CPU
		{FF1BE072-0048-4C41-9A6A-683A70214867}.Debug|Any CPU.ActiveCfg = Debug|Any CPU
		{FF1BE072-0048-4C41-9A6A-683A70214867}.Debug|Any CPU.Build.0 = Debug|Any CPU
		{FF1BE072-0048-4C41-9A6A-683A70214867}.Release|Any CPU.ActiveCfg = Release|Any CPU
		{FF1BE072-0048-4C41-9A6A-683A70214867}.Release|Any CPU.Build.0 = Release|Any CPU
		{4A88CD40-345F-4D58-A507-98A5EAF7F20E}.Debug|Any CPU.ActiveCfg = Debug|Any CPU
		{4A88CD40-345F-4D58-A507-98A5EAF7F20E}.Debug|Any CPU.Build.0 = Debug|Any CPU
		{4A88CD40-345F-4D58-A507-98A5EAF7F20E}.Release|Any CPU.ActiveCfg = Release|Any CPU
		{4A88CD40-345F-4D58-A507-98A5EAF7F20E}.Release|Any CPU.Build.0 = Release|Any CPU
		{B392E83E-84DF-4C0C-A055-7E628D50BA99}.Debug|Any CPU.ActiveCfg = Debug|Any CPU
		{B392E83E-84DF-4C0C-A055-7E628D50BA99}.Debug|Any CPU.Build.0 = Debug|Any CPU
		{B392E83E-84DF-4C0C-A055-7E628D50BA99}.Release|Any CPU.ActiveCfg = Release|Any CPU
		{B392E83E-84DF-4C0C-A055-7E628D50BA99}.Release|Any CPU.Build.0 = Release|Any CPU
		{FDD6DFE8-D74F-4B35-B7D3-EDF6327F0438}.Debug|Any CPU.ActiveCfg = Debug|Any CPU
		{FDD6DFE8-D74F-4B35-B7D3-EDF6327F0438}.Debug|Any CPU.Build.0 = Debug|Any CPU
		{FDD6DFE8-D74F-4B35-B7D3-EDF6327F0438}.Release|Any CPU.ActiveCfg = Release|Any CPU
		{FDD6DFE8-D74F-4B35-B7D3-EDF6327F0438}.Release|Any CPU.Build.0 = Release|Any CPU
		{C71E5C9F-7FC9-4E20-8711-1EAE3A50B006}.Debug|Any CPU.ActiveCfg = Debug|Any CPU
		{C71E5C9F-7FC9-4E20-8711-1EAE3A50B006}.Debug|Any CPU.Build.0 = Debug|Any CPU
		{C71E5C9F-7FC9-4E20-8711-1EAE3A50B006}.Release|Any CPU.ActiveCfg = Release|Any CPU
		{C71E5C9F-7FC9-4E20-8711-1EAE3A50B006}.Release|Any CPU.Build.0 = Release|Any CPU
		{20D6A3CC-6BCF-4E77-B949-0BF206BA73D1}.Debug|Any CPU.ActiveCfg = Debug|Any CPU
		{20D6A3CC-6BCF-4E77-B949-0BF206BA73D1}.Debug|Any CPU.Build.0 = Debug|Any CPU
		{20D6A3CC-6BCF-4E77-B949-0BF206BA73D1}.Release|Any CPU.ActiveCfg = Release|Any CPU
		{20D6A3CC-6BCF-4E77-B949-0BF206BA73D1}.Release|Any CPU.Build.0 = Release|Any CPU
		{A70E9F30-F2C2-406C-BC84-6DFE2240A94F}.Debug|Any CPU.ActiveCfg = Debug|Any CPU
		{A70E9F30-F2C2-406C-BC84-6DFE2240A94F}.Debug|Any CPU.Build.0 = Debug|Any CPU
		{A70E9F30-F2C2-406C-BC84-6DFE2240A94F}.Release|Any CPU.ActiveCfg = Release|Any CPU
		{A70E9F30-F2C2-406C-BC84-6DFE2240A94F}.Release|Any CPU.Build.0 = Release|Any CPU
		{7A2EB2C4-AB63-41DB-B220-D8E0C375A8CF}.Debug|Any CPU.ActiveCfg = Debug|Any CPU
		{7A2EB2C4-AB63-41DB-B220-D8E0C375A8CF}.Debug|Any CPU.Build.0 = Debug|Any CPU
		{7A2EB2C4-AB63-41DB-B220-D8E0C375A8CF}.Release|Any CPU.ActiveCfg = Release|Any CPU
		{7A2EB2C4-AB63-41DB-B220-D8E0C375A8CF}.Release|Any CPU.Build.0 = Release|Any CPU
		{00DF17D0-D331-4963-9290-983279C1CA85}.Debug|Any CPU.ActiveCfg = Debug|Any CPU
		{00DF17D0-D331-4963-9290-983279C1CA85}.Debug|Any CPU.Build.0 = Debug|Any CPU
		{00DF17D0-D331-4963-9290-983279C1CA85}.Release|Any CPU.ActiveCfg = Release|Any CPU
		{00DF17D0-D331-4963-9290-983279C1CA85}.Release|Any CPU.Build.0 = Release|Any CPU
		{9F1878A7-82FE-4F24-B921-F09B80D4C612}.Debug|Any CPU.ActiveCfg = Debug|Any CPU
		{9F1878A7-82FE-4F24-B921-F09B80D4C612}.Debug|Any CPU.Build.0 = Debug|Any CPU
		{9F1878A7-82FE-4F24-B921-F09B80D4C612}.Release|Any CPU.ActiveCfg = Release|Any CPU
		{9F1878A7-82FE-4F24-B921-F09B80D4C612}.Release|Any CPU.Build.0 = Release|Any CPU
		{C9FDFFAE-4858-4077-BE92-541A1972A073}.Debug|Any CPU.ActiveCfg = Debug|Any CPU
		{C9FDFFAE-4858-4077-BE92-541A1972A073}.Debug|Any CPU.Build.0 = Debug|Any CPU
		{C9FDFFAE-4858-4077-BE92-541A1972A073}.Release|Any CPU.ActiveCfg = Release|Any CPU
		{C9FDFFAE-4858-4077-BE92-541A1972A073}.Release|Any CPU.Build.0 = Release|Any CPU
		{ABFC16DD-232D-436C-8F61-C61C4E69A8E5}.Debug|Any CPU.ActiveCfg = Debug|Any CPU
		{ABFC16DD-232D-436C-8F61-C61C4E69A8E5}.Debug|Any CPU.Build.0 = Debug|Any CPU
		{ABFC16DD-232D-436C-8F61-C61C4E69A8E5}.Release|Any CPU.ActiveCfg = Release|Any CPU
		{ABFC16DD-232D-436C-8F61-C61C4E69A8E5}.Release|Any CPU.Build.0 = Release|Any CPU
		{59E5DDCD-F552-43C6-AC4D-AA37274A2B39}.Debug|Any CPU.ActiveCfg = Debug|Any CPU
		{59E5DDCD-F552-43C6-AC4D-AA37274A2B39}.Debug|Any CPU.Build.0 = Debug|Any CPU
		{59E5DDCD-F552-43C6-AC4D-AA37274A2B39}.Release|Any CPU.ActiveCfg = Release|Any CPU
		{59E5DDCD-F552-43C6-AC4D-AA37274A2B39}.Release|Any CPU.Build.0 = Release|Any CPU
		{88D14C0A-E72B-4651-84A9-C6FE86CBB660}.Debug|Any CPU.ActiveCfg = Debug|Any CPU
		{88D14C0A-E72B-4651-84A9-C6FE86CBB660}.Debug|Any CPU.Build.0 = Debug|Any CPU
		{88D14C0A-E72B-4651-84A9-C6FE86CBB660}.Release|Any CPU.ActiveCfg = Release|Any CPU
		{88D14C0A-E72B-4651-84A9-C6FE86CBB660}.Release|Any CPU.Build.0 = Release|Any CPU
		{8791936A-E57E-4E31-B56F-D3B2667AFFAE}.Debug|Any CPU.ActiveCfg = Debug|Any CPU
		{8791936A-E57E-4E31-B56F-D3B2667AFFAE}.Debug|Any CPU.Build.0 = Debug|Any CPU
		{8791936A-E57E-4E31-B56F-D3B2667AFFAE}.Release|Any CPU.ActiveCfg = Release|Any CPU
		{8791936A-E57E-4E31-B56F-D3B2667AFFAE}.Release|Any CPU.Build.0 = Release|Any CPU
		{6543E535-7282-4B45-8CF3-E72A6CE52C92}.Debug|Any CPU.ActiveCfg = Debug|Any CPU
		{6543E535-7282-4B45-8CF3-E72A6CE52C92}.Debug|Any CPU.Build.0 = Debug|Any CPU
		{6543E535-7282-4B45-8CF3-E72A6CE52C92}.Release|Any CPU.ActiveCfg = Release|Any CPU
		{6543E535-7282-4B45-8CF3-E72A6CE52C92}.Release|Any CPU.Build.0 = Release|Any CPU
		{CEEF6425-A56E-4817-86D4-0168E572D0A3}.Debug|Any CPU.ActiveCfg = Debug|Any CPU
		{CEEF6425-A56E-4817-86D4-0168E572D0A3}.Debug|Any CPU.Build.0 = Debug|Any CPU
		{CEEF6425-A56E-4817-86D4-0168E572D0A3}.Release|Any CPU.ActiveCfg = Release|Any CPU
		{CEEF6425-A56E-4817-86D4-0168E572D0A3}.Release|Any CPU.Build.0 = Release|Any CPU
		{49FF5B5F-1C42-40E2-A51E-CF9E489529EF}.Debug|Any CPU.ActiveCfg = Debug|Any CPU
		{49FF5B5F-1C42-40E2-A51E-CF9E489529EF}.Debug|Any CPU.Build.0 = Debug|Any CPU
		{49FF5B5F-1C42-40E2-A51E-CF9E489529EF}.Release|Any CPU.ActiveCfg = Release|Any CPU
		{49FF5B5F-1C42-40E2-A51E-CF9E489529EF}.Release|Any CPU.Build.0 = Release|Any CPU
		{AFC10671-736D-42FC-8799-CC6C63F6999E}.Debug|Any CPU.ActiveCfg = Debug|Any CPU
		{AFC10671-736D-42FC-8799-CC6C63F6999E}.Debug|Any CPU.Build.0 = Debug|Any CPU
		{AFC10671-736D-42FC-8799-CC6C63F6999E}.Release|Any CPU.ActiveCfg = Release|Any CPU
		{AFC10671-736D-42FC-8799-CC6C63F6999E}.Release|Any CPU.Build.0 = Release|Any CPU
		{DBB96398-6463-4A79-AC20-4FE19D3B36CF}.Debug|Any CPU.ActiveCfg = Debug|Any CPU
		{DBB96398-6463-4A79-AC20-4FE19D3B36CF}.Debug|Any CPU.Build.0 = Debug|Any CPU
		{DBB96398-6463-4A79-AC20-4FE19D3B36CF}.Release|Any CPU.ActiveCfg = Release|Any CPU
		{DBB96398-6463-4A79-AC20-4FE19D3B36CF}.Release|Any CPU.Build.0 = Release|Any CPU
		{34B9D93D-B00F-45E1-B7D8-2AC59315D53D}.Debug|Any CPU.ActiveCfg = Debug|Any CPU
		{34B9D93D-B00F-45E1-B7D8-2AC59315D53D}.Debug|Any CPU.Build.0 = Debug|Any CPU
		{34B9D93D-B00F-45E1-B7D8-2AC59315D53D}.Release|Any CPU.ActiveCfg = Release|Any CPU
		{34B9D93D-B00F-45E1-B7D8-2AC59315D53D}.Release|Any CPU.Build.0 = Release|Any CPU
		{E7B26092-04EF-4E45-A7AA-6C32063155FA}.Debug|Any CPU.ActiveCfg = Debug|Any CPU
		{E7B26092-04EF-4E45-A7AA-6C32063155FA}.Debug|Any CPU.Build.0 = Debug|Any CPU
		{E7B26092-04EF-4E45-A7AA-6C32063155FA}.Release|Any CPU.ActiveCfg = Release|Any CPU
		{E7B26092-04EF-4E45-A7AA-6C32063155FA}.Release|Any CPU.Build.0 = Release|Any CPU
		{EABF1D82-0383-4896-BBF9-012F661F050A}.Debug|Any CPU.ActiveCfg = Debug|Any CPU
		{EABF1D82-0383-4896-BBF9-012F661F050A}.Debug|Any CPU.Build.0 = Debug|Any CPU
		{EABF1D82-0383-4896-BBF9-012F661F050A}.Release|Any CPU.ActiveCfg = Release|Any CPU
		{EABF1D82-0383-4896-BBF9-012F661F050A}.Release|Any CPU.Build.0 = Release|Any CPU
		{2E204A4F-42A9-4B06-8AE9-BE7887083D95}.Debug|Any CPU.ActiveCfg = Debug|Any CPU
		{2E204A4F-42A9-4B06-8AE9-BE7887083D95}.Debug|Any CPU.Build.0 = Debug|Any CPU
		{2E204A4F-42A9-4B06-8AE9-BE7887083D95}.Release|Any CPU.ActiveCfg = Release|Any CPU
		{2E204A4F-42A9-4B06-8AE9-BE7887083D95}.Release|Any CPU.Build.0 = Release|Any CPU
		{06CEF696-9118-4481-9208-FDDD080A8972}.Debug|Any CPU.ActiveCfg = Debug|Any CPU
		{06CEF696-9118-4481-9208-FDDD080A8972}.Debug|Any CPU.Build.0 = Debug|Any CPU
		{06CEF696-9118-4481-9208-FDDD080A8972}.Release|Any CPU.ActiveCfg = Release|Any CPU
		{06CEF696-9118-4481-9208-FDDD080A8972}.Release|Any CPU.Build.0 = Release|Any CPU
		{11F21286-564B-4EE3-BDA5-6D1024A812A3}.Debug|Any CPU.ActiveCfg = Debug|Any CPU
		{11F21286-564B-4EE3-BDA5-6D1024A812A3}.Debug|Any CPU.Build.0 = Debug|Any CPU
		{11F21286-564B-4EE3-BDA5-6D1024A812A3}.Release|Any CPU.ActiveCfg = Release|Any CPU
		{11F21286-564B-4EE3-BDA5-6D1024A812A3}.Release|Any CPU.Build.0 = Release|Any CPU
		{8CF814AC-3C5C-4C84-9EE8-A5BEB20A76FC}.Debug|Any CPU.ActiveCfg = Debug|Any CPU
		{8CF814AC-3C5C-4C84-9EE8-A5BEB20A76FC}.Debug|Any CPU.Build.0 = Debug|Any CPU
		{8CF814AC-3C5C-4C84-9EE8-A5BEB20A76FC}.Release|Any CPU.ActiveCfg = Release|Any CPU
		{8CF814AC-3C5C-4C84-9EE8-A5BEB20A76FC}.Release|Any CPU.Build.0 = Release|Any CPU
		{84862A3C-0AD2-480C-9C0E-A9F0D270FE69}.Debug|Any CPU.ActiveCfg = Debug|Any CPU
		{84862A3C-0AD2-480C-9C0E-A9F0D270FE69}.Debug|Any CPU.Build.0 = Debug|Any CPU
		{84862A3C-0AD2-480C-9C0E-A9F0D270FE69}.Release|Any CPU.ActiveCfg = Release|Any CPU
		{84862A3C-0AD2-480C-9C0E-A9F0D270FE69}.Release|Any CPU.Build.0 = Release|Any CPU
		{D8204044-34CB-48B1-BFC3-0C6B61E1F0D6}.Debug|Any CPU.ActiveCfg = Debug|Any CPU
		{D8204044-34CB-48B1-BFC3-0C6B61E1F0D6}.Debug|Any CPU.Build.0 = Debug|Any CPU
		{D8204044-34CB-48B1-BFC3-0C6B61E1F0D6}.Release|Any CPU.ActiveCfg = Release|Any CPU
		{D8204044-34CB-48B1-BFC3-0C6B61E1F0D6}.Release|Any CPU.Build.0 = Release|Any CPU
		{F0602E8E-431B-431C-9196-48F2E9CCB682}.Debug|Any CPU.ActiveCfg = Debug|Any CPU
		{F0602E8E-431B-431C-9196-48F2E9CCB682}.Debug|Any CPU.Build.0 = Debug|Any CPU
		{F0602E8E-431B-431C-9196-48F2E9CCB682}.Release|Any CPU.ActiveCfg = Release|Any CPU
		{F0602E8E-431B-431C-9196-48F2E9CCB682}.Release|Any CPU.Build.0 = Release|Any CPU
		{A55CE570-E091-46E1-98AD-F607C07F4307}.Debug|Any CPU.ActiveCfg = Debug|Any CPU
		{A55CE570-E091-46E1-98AD-F607C07F4307}.Debug|Any CPU.Build.0 = Debug|Any CPU
		{A55CE570-E091-46E1-98AD-F607C07F4307}.Release|Any CPU.ActiveCfg = Release|Any CPU
		{A55CE570-E091-46E1-98AD-F607C07F4307}.Release|Any CPU.Build.0 = Release|Any CPU
		{BDC0C2C7-E243-4629-9B5D-56B8DE9330ED}.Debug|Any CPU.ActiveCfg = Debug|Any CPU
		{BDC0C2C7-E243-4629-9B5D-56B8DE9330ED}.Debug|Any CPU.Build.0 = Debug|Any CPU
		{BDC0C2C7-E243-4629-9B5D-56B8DE9330ED}.Release|Any CPU.ActiveCfg = Release|Any CPU
		{BDC0C2C7-E243-4629-9B5D-56B8DE9330ED}.Release|Any CPU.Build.0 = Release|Any CPU
		{78EBF4BD-934A-4ACD-880E-88DACA089A8C}.Debug|Any CPU.ActiveCfg = Debug|Any CPU
		{78EBF4BD-934A-4ACD-880E-88DACA089A8C}.Debug|Any CPU.Build.0 = Debug|Any CPU
		{78EBF4BD-934A-4ACD-880E-88DACA089A8C}.Release|Any CPU.ActiveCfg = Release|Any CPU
		{78EBF4BD-934A-4ACD-880E-88DACA089A8C}.Release|Any CPU.Build.0 = Release|Any CPU
		{F7B9523C-1A2E-4991-891B-98C84A4B1B04}.Debug|Any CPU.ActiveCfg = Debug|Any CPU
		{F7B9523C-1A2E-4991-891B-98C84A4B1B04}.Debug|Any CPU.Build.0 = Debug|Any CPU
		{F7B9523C-1A2E-4991-891B-98C84A4B1B04}.Release|Any CPU.ActiveCfg = Release|Any CPU
		{F7B9523C-1A2E-4991-891B-98C84A4B1B04}.Release|Any CPU.Build.0 = Release|Any CPU
		{5696727D-1F53-4EC1-9628-30586A94BE3C}.Debug|Any CPU.ActiveCfg = Debug|Any CPU
		{5696727D-1F53-4EC1-9628-30586A94BE3C}.Debug|Any CPU.Build.0 = Debug|Any CPU
		{5696727D-1F53-4EC1-9628-30586A94BE3C}.Release|Any CPU.ActiveCfg = Release|Any CPU
		{5696727D-1F53-4EC1-9628-30586A94BE3C}.Release|Any CPU.Build.0 = Release|Any CPU
		{A546E9E3-89FF-4DA1-ADB4-157D40641A26}.Debug|Any CPU.ActiveCfg = Debug|Any CPU
		{A546E9E3-89FF-4DA1-ADB4-157D40641A26}.Debug|Any CPU.Build.0 = Debug|Any CPU
		{A546E9E3-89FF-4DA1-ADB4-157D40641A26}.Release|Any CPU.ActiveCfg = Release|Any CPU
		{A546E9E3-89FF-4DA1-ADB4-157D40641A26}.Release|Any CPU.Build.0 = Release|Any CPU
		{D391C244-E0CF-407C-9108-970F94CA7377}.Debug|Any CPU.ActiveCfg = Debug|Any CPU
		{D391C244-E0CF-407C-9108-970F94CA7377}.Debug|Any CPU.Build.0 = Debug|Any CPU
		{D391C244-E0CF-407C-9108-970F94CA7377}.Release|Any CPU.ActiveCfg = Release|Any CPU
		{D391C244-E0CF-407C-9108-970F94CA7377}.Release|Any CPU.Build.0 = Release|Any CPU
		{7C961E6E-BCC4-4268-99C6-06E9BFA846CB}.Debug|Any CPU.ActiveCfg = Debug|Any CPU
		{7C961E6E-BCC4-4268-99C6-06E9BFA846CB}.Debug|Any CPU.Build.0 = Debug|Any CPU
		{7C961E6E-BCC4-4268-99C6-06E9BFA846CB}.Release|Any CPU.ActiveCfg = Release|Any CPU
		{7C961E6E-BCC4-4268-99C6-06E9BFA846CB}.Release|Any CPU.Build.0 = Release|Any CPU
		{7F071839-006E-48A4-A9B3-1AF25FC17FD9}.Debug|Any CPU.ActiveCfg = Debug|Any CPU
		{7F071839-006E-48A4-A9B3-1AF25FC17FD9}.Debug|Any CPU.Build.0 = Debug|Any CPU
		{7F071839-006E-48A4-A9B3-1AF25FC17FD9}.Release|Any CPU.ActiveCfg = Release|Any CPU
		{7F071839-006E-48A4-A9B3-1AF25FC17FD9}.Release|Any CPU.Build.0 = Release|Any CPU
		{CB481FC6-67D1-43CF-B98A-D33002ECAA96}.Debug|Any CPU.ActiveCfg = Debug|Any CPU
		{CB481FC6-67D1-43CF-B98A-D33002ECAA96}.Debug|Any CPU.Build.0 = Debug|Any CPU
		{CB481FC6-67D1-43CF-B98A-D33002ECAA96}.Release|Any CPU.ActiveCfg = Release|Any CPU
		{CB481FC6-67D1-43CF-B98A-D33002ECAA96}.Release|Any CPU.Build.0 = Release|Any CPU
		{4CDF3B7C-65BE-4C68-A7DB-03A5A1F1A070}.Debug|Any CPU.ActiveCfg = Debug|Any CPU
		{4CDF3B7C-65BE-4C68-A7DB-03A5A1F1A070}.Debug|Any CPU.Build.0 = Debug|Any CPU
		{4CDF3B7C-65BE-4C68-A7DB-03A5A1F1A070}.Release|Any CPU.ActiveCfg = Release|Any CPU
		{4CDF3B7C-65BE-4C68-A7DB-03A5A1F1A070}.Release|Any CPU.Build.0 = Release|Any CPU
		{ADD171F6-6F9A-46C7-9FC5-6B0F081FC5EA}.Debug|Any CPU.ActiveCfg = Debug|Any CPU
		{ADD171F6-6F9A-46C7-9FC5-6B0F081FC5EA}.Debug|Any CPU.Build.0 = Debug|Any CPU
		{ADD171F6-6F9A-46C7-9FC5-6B0F081FC5EA}.Release|Any CPU.ActiveCfg = Release|Any CPU
		{ADD171F6-6F9A-46C7-9FC5-6B0F081FC5EA}.Release|Any CPU.Build.0 = Release|Any CPU
		{DF903D91-307B-4748-B9BE-A4D05A364E58}.Debug|Any CPU.ActiveCfg = Debug|Any CPU
		{DF903D91-307B-4748-B9BE-A4D05A364E58}.Debug|Any CPU.Build.0 = Debug|Any CPU
		{DF903D91-307B-4748-B9BE-A4D05A364E58}.Release|Any CPU.ActiveCfg = Release|Any CPU
		{DF903D91-307B-4748-B9BE-A4D05A364E58}.Release|Any CPU.Build.0 = Release|Any CPU
		{3226109A-A18C-437D-93A0-6463ABDC9AB6}.Debug|Any CPU.ActiveCfg = Debug|Any CPU
		{3226109A-A18C-437D-93A0-6463ABDC9AB6}.Debug|Any CPU.Build.0 = Debug|Any CPU
		{3226109A-A18C-437D-93A0-6463ABDC9AB6}.Release|Any CPU.ActiveCfg = Release|Any CPU
		{3226109A-A18C-437D-93A0-6463ABDC9AB6}.Release|Any CPU.Build.0 = Release|Any CPU
		{012630E9-3DC5-4ED9-AB50-9AA989577EFE}.Debug|Any CPU.ActiveCfg = Debug|Any CPU
		{012630E9-3DC5-4ED9-AB50-9AA989577EFE}.Debug|Any CPU.Build.0 = Debug|Any CPU
		{012630E9-3DC5-4ED9-AB50-9AA989577EFE}.Release|Any CPU.ActiveCfg = Release|Any CPU
		{012630E9-3DC5-4ED9-AB50-9AA989577EFE}.Release|Any CPU.Build.0 = Release|Any CPU
		{826DA415-90B2-4F2B-B593-003F029394D4}.Debug|Any CPU.ActiveCfg = Debug|Any CPU
		{826DA415-90B2-4F2B-B593-003F029394D4}.Debug|Any CPU.Build.0 = Debug|Any CPU
		{826DA415-90B2-4F2B-B593-003F029394D4}.Release|Any CPU.ActiveCfg = Release|Any CPU
		{826DA415-90B2-4F2B-B593-003F029394D4}.Release|Any CPU.Build.0 = Release|Any CPU
		{10C357AD-426E-4908-B26D-47EA71F8B557}.Debug|Any CPU.ActiveCfg = Debug|Any CPU
		{10C357AD-426E-4908-B26D-47EA71F8B557}.Debug|Any CPU.Build.0 = Debug|Any CPU
		{10C357AD-426E-4908-B26D-47EA71F8B557}.Release|Any CPU.ActiveCfg = Release|Any CPU
		{10C357AD-426E-4908-B26D-47EA71F8B557}.Release|Any CPU.Build.0 = Release|Any CPU
		{DC902505-CC85-4B49-856F-79F5013475AE}.Debug|Any CPU.ActiveCfg = Debug|Any CPU
		{DC902505-CC85-4B49-856F-79F5013475AE}.Debug|Any CPU.Build.0 = Debug|Any CPU
		{DC902505-CC85-4B49-856F-79F5013475AE}.Release|Any CPU.ActiveCfg = Release|Any CPU
		{DC902505-CC85-4B49-856F-79F5013475AE}.Release|Any CPU.Build.0 = Release|Any CPU
		{D0D7D433-3DA8-4AC9-A906-0007944A614A}.Debug|Any CPU.ActiveCfg = Debug|Any CPU
		{D0D7D433-3DA8-4AC9-A906-0007944A614A}.Debug|Any CPU.Build.0 = Debug|Any CPU
		{D0D7D433-3DA8-4AC9-A906-0007944A614A}.Release|Any CPU.ActiveCfg = Release|Any CPU
		{D0D7D433-3DA8-4AC9-A906-0007944A614A}.Release|Any CPU.Build.0 = Release|Any CPU
		{DA1301F9-11D9-407F-A469-06FD59163E2D}.Debug|Any CPU.ActiveCfg = Debug|Any CPU
		{DA1301F9-11D9-407F-A469-06FD59163E2D}.Debug|Any CPU.Build.0 = Debug|Any CPU
		{DA1301F9-11D9-407F-A469-06FD59163E2D}.Release|Any CPU.ActiveCfg = Release|Any CPU
		{DA1301F9-11D9-407F-A469-06FD59163E2D}.Release|Any CPU.Build.0 = Release|Any CPU
		{CB3F9695-99A4-4A22-9B13-09D2D811A1C1}.Debug|Any CPU.ActiveCfg = Debug|Any CPU
		{CB3F9695-99A4-4A22-9B13-09D2D811A1C1}.Debug|Any CPU.Build.0 = Debug|Any CPU
		{CB3F9695-99A4-4A22-9B13-09D2D811A1C1}.Release|Any CPU.ActiveCfg = Release|Any CPU
		{CB3F9695-99A4-4A22-9B13-09D2D811A1C1}.Release|Any CPU.Build.0 = Release|Any CPU
		{314B6E02-2D1C-4438-824A-25CCF18EBB1E}.Debug|Any CPU.ActiveCfg = Debug|Any CPU
		{314B6E02-2D1C-4438-824A-25CCF18EBB1E}.Debug|Any CPU.Build.0 = Debug|Any CPU
		{314B6E02-2D1C-4438-824A-25CCF18EBB1E}.Release|Any CPU.ActiveCfg = Release|Any CPU
		{314B6E02-2D1C-4438-824A-25CCF18EBB1E}.Release|Any CPU.Build.0 = Release|Any CPU
		{9E4B7D18-EFA4-4B26-8BF9-F7EC85EE8EB8}.Debug|Any CPU.ActiveCfg = Debug|Any CPU
		{9E4B7D18-EFA4-4B26-8BF9-F7EC85EE8EB8}.Debug|Any CPU.Build.0 = Debug|Any CPU
		{9E4B7D18-EFA4-4B26-8BF9-F7EC85EE8EB8}.Release|Any CPU.ActiveCfg = Release|Any CPU
		{9E4B7D18-EFA4-4B26-8BF9-F7EC85EE8EB8}.Release|Any CPU.Build.0 = Release|Any CPU
		{BE5188D2-C7FE-4A08-AA1E-3E4DD0D33800}.Debug|Any CPU.ActiveCfg = Debug|Any CPU
		{BE5188D2-C7FE-4A08-AA1E-3E4DD0D33800}.Debug|Any CPU.Build.0 = Debug|Any CPU
		{BE5188D2-C7FE-4A08-AA1E-3E4DD0D33800}.Release|Any CPU.ActiveCfg = Release|Any CPU
		{BE5188D2-C7FE-4A08-AA1E-3E4DD0D33800}.Release|Any CPU.Build.0 = Release|Any CPU
		{1F85B332-3217-42A0-B085-DEF886BA72CA}.Debug|Any CPU.ActiveCfg = Debug|Any CPU
		{1F85B332-3217-42A0-B085-DEF886BA72CA}.Debug|Any CPU.Build.0 = Debug|Any CPU
		{1F85B332-3217-42A0-B085-DEF886BA72CA}.Release|Any CPU.ActiveCfg = Release|Any CPU
		{1F85B332-3217-42A0-B085-DEF886BA72CA}.Release|Any CPU.Build.0 = Release|Any CPU
	EndGlobalSection
	GlobalSection(SolutionProperties) = preSolution
		HideSolutionNode = FALSE
	EndGlobalSection
	GlobalSection(NestedProjects) = preSolution
		{7632C398-92E0-4D61-A693-1ECF3B776E3F} = {FA666337-66FD-428C-AE89-E16BD76EB773}
		{3BE5496D-DB5B-4D8E-AB02-352B7DE87E79} = {FD46156B-EDAA-4F1D-A9DE-4F023DA86EB8}
		{532A5A05-E5AA-49EF-AB90-07159C2B5C74} = {3BE5496D-DB5B-4D8E-AB02-352B7DE87E79}
		{4965F482-4D97-4710-A931-28EBCD1B93D9} = {3BE5496D-DB5B-4D8E-AB02-352B7DE87E79}
		{A07343DF-46E3-455C-B5A0-FE053E97CF3B} = {3BE5496D-DB5B-4D8E-AB02-352B7DE87E79}
		{CE9BB66F-5680-45D9-9A88-E64955B5C336} = {3BE5496D-DB5B-4D8E-AB02-352B7DE87E79}
		{6F58E510-7903-43D5-918E-077491B8D8D8} = {FA666337-66FD-428C-AE89-E16BD76EB773}
		{F63F8631-3B91-494D-A73E-12844B9DAF6C} = {3BE5496D-DB5B-4D8E-AB02-352B7DE87E79}
		{094083BE-AF72-4DE0-8494-B5C7DD18EB98} = {3BE5496D-DB5B-4D8E-AB02-352B7DE87E79}
		{F0C3A9F4-9925-4927-8826-2EED61FFB151} = {3BE5496D-DB5B-4D8E-AB02-352B7DE87E79}
		{AACCEA63-2063-4B82-816E-64CDFCEE8C56} = {3BE5496D-DB5B-4D8E-AB02-352B7DE87E79}
		{8D96C23E-7879-4BC1-82F0-C12A8E88659E} = {3BE5496D-DB5B-4D8E-AB02-352B7DE87E79}
		{3DC2825C-91C2-4D25-B804-0D97FE025A52} = {3BE5496D-DB5B-4D8E-AB02-352B7DE87E79}
		{FA666337-66FD-428C-AE89-E16BD76EB773} = {FD46156B-EDAA-4F1D-A9DE-4F023DA86EB8}
		{40CB25EA-DCAE-47E3-A360-694C12E12977} = {FD46156B-EDAA-4F1D-A9DE-4F023DA86EB8}
		{FF1BE072-0048-4C41-9A6A-683A70214867} = {40CB25EA-DCAE-47E3-A360-694C12E12977}
		{4A88CD40-345F-4D58-A507-98A5EAF7F20E} = {3BE5496D-DB5B-4D8E-AB02-352B7DE87E79}
		{B392E83E-84DF-4C0C-A055-7E628D50BA99} = {40CB25EA-DCAE-47E3-A360-694C12E12977}
		{FDD6DFE8-D74F-4B35-B7D3-EDF6327F0438} = {36B8150D-FD40-4558-B0E2-BB273016C981}
		{71490DA1-C6CA-417E-BC9F-A3AD0669A092} = {FD46156B-EDAA-4F1D-A9DE-4F023DA86EB8}
		{C71E5C9F-7FC9-4E20-8711-1EAE3A50B006} = {71490DA1-C6CA-417E-BC9F-A3AD0669A092}
		{20D6A3CC-6BCF-4E77-B949-0BF206BA73D1} = {71490DA1-C6CA-417E-BC9F-A3AD0669A092}
		{A70E9F30-F2C2-406C-BC84-6DFE2240A94F} = {36B8150D-FD40-4558-B0E2-BB273016C981}
		{7A2EB2C4-AB63-41DB-B220-D8E0C375A8CF} = {36B8150D-FD40-4558-B0E2-BB273016C981}
		{36B8150D-FD40-4558-B0E2-BB273016C981} = {FD46156B-EDAA-4F1D-A9DE-4F023DA86EB8}
		{00DF17D0-D331-4963-9290-983279C1CA85} = {814CB362-160C-4405-8034-F974641498A7}
		{9F1878A7-82FE-4F24-B921-F09B80D4C612} = {814CB362-160C-4405-8034-F974641498A7}
		{814CB362-160C-4405-8034-F974641498A7} = {FD46156B-EDAA-4F1D-A9DE-4F023DA86EB8}
		{C9FDFFAE-4858-4077-BE92-541A1972A073} = {FEF74E65-D0D7-4176-ADB5-4FCF77084D06}
		{ABFC16DD-232D-436C-8F61-C61C4E69A8E5} = {FEF74E65-D0D7-4176-ADB5-4FCF77084D06}
		{59E5DDCD-F552-43C6-AC4D-AA37274A2B39} = {FEF74E65-D0D7-4176-ADB5-4FCF77084D06}
		{FEF74E65-D0D7-4176-ADB5-4FCF77084D06} = {FD46156B-EDAA-4F1D-A9DE-4F023DA86EB8}
		{88D14C0A-E72B-4651-84A9-C6FE86CBB660} = {314D5AFE-2A7B-4CFF-8476-4929AC47EDEA}
		{8791936A-E57E-4E31-B56F-D3B2667AFFAE} = {314D5AFE-2A7B-4CFF-8476-4929AC47EDEA}
		{6543E535-7282-4B45-8CF3-E72A6CE52C92} = {314D5AFE-2A7B-4CFF-8476-4929AC47EDEA}
		{CEEF6425-A56E-4817-86D4-0168E572D0A3} = {314D5AFE-2A7B-4CFF-8476-4929AC47EDEA}
		{49FF5B5F-1C42-40E2-A51E-CF9E489529EF} = {314D5AFE-2A7B-4CFF-8476-4929AC47EDEA}
		{AFC10671-736D-42FC-8799-CC6C63F6999E} = {314D5AFE-2A7B-4CFF-8476-4929AC47EDEA}
		{DBB96398-6463-4A79-AC20-4FE19D3B36CF} = {314D5AFE-2A7B-4CFF-8476-4929AC47EDEA}
		{314D5AFE-2A7B-4CFF-8476-4929AC47EDEA} = {FD46156B-EDAA-4F1D-A9DE-4F023DA86EB8}
		{34B9D93D-B00F-45E1-B7D8-2AC59315D53D} = {45A30107-E174-4EBF-BC57-D43BD3AB29ED}
		{E7B26092-04EF-4E45-A7AA-6C32063155FA} = {45A30107-E174-4EBF-BC57-D43BD3AB29ED}
		{EABF1D82-0383-4896-BBF9-012F661F050A} = {45A30107-E174-4EBF-BC57-D43BD3AB29ED}
		{2E204A4F-42A9-4B06-8AE9-BE7887083D95} = {45A30107-E174-4EBF-BC57-D43BD3AB29ED}
		{06CEF696-9118-4481-9208-FDDD080A8972} = {45A30107-E174-4EBF-BC57-D43BD3AB29ED}
		{11F21286-564B-4EE3-BDA5-6D1024A812A3} = {45A30107-E174-4EBF-BC57-D43BD3AB29ED}
		{8CF814AC-3C5C-4C84-9EE8-A5BEB20A76FC} = {45A30107-E174-4EBF-BC57-D43BD3AB29ED}
		{84862A3C-0AD2-480C-9C0E-A9F0D270FE69} = {45A30107-E174-4EBF-BC57-D43BD3AB29ED}
		{D8204044-34CB-48B1-BFC3-0C6B61E1F0D6} = {45A30107-E174-4EBF-BC57-D43BD3AB29ED}
		{45A30107-E174-4EBF-BC57-D43BD3AB29ED} = {FD46156B-EDAA-4F1D-A9DE-4F023DA86EB8}
		{4E91C2DE-DD3A-472C-B04C-AFDC22777025} = {FD46156B-EDAA-4F1D-A9DE-4F023DA86EB8}
		{7F60A11E-EB0A-4715-96C6-FD09D653DBF7} = {FD46156B-EDAA-4F1D-A9DE-4F023DA86EB8}
		{FA50D8C4-D01C-4CD4-B29B-9F4A89C79F8E} = {FD46156B-EDAA-4F1D-A9DE-4F023DA86EB8}
		{3EF4DAB4-FE91-4510-A379-13C3E442275A} = {FD46156B-EDAA-4F1D-A9DE-4F023DA86EB8}
		{F0602E8E-431B-431C-9196-48F2E9CCB682} = {4E91C2DE-DD3A-472C-B04C-AFDC22777025}
		{A55CE570-E091-46E1-98AD-F607C07F4307} = {4E91C2DE-DD3A-472C-B04C-AFDC22777025}
		{BDC0C2C7-E243-4629-9B5D-56B8DE9330ED} = {4E91C2DE-DD3A-472C-B04C-AFDC22777025}
		{78EBF4BD-934A-4ACD-880E-88DACA089A8C} = {4E91C2DE-DD3A-472C-B04C-AFDC22777025}
		{F7B9523C-1A2E-4991-891B-98C84A4B1B04} = {4E91C2DE-DD3A-472C-B04C-AFDC22777025}
		{5696727D-1F53-4EC1-9628-30586A94BE3C} = {4E91C2DE-DD3A-472C-B04C-AFDC22777025}
		{A546E9E3-89FF-4DA1-ADB4-157D40641A26} = {4E91C2DE-DD3A-472C-B04C-AFDC22777025}
		{D391C244-E0CF-407C-9108-970F94CA7377} = {4E91C2DE-DD3A-472C-B04C-AFDC22777025}
		{7C961E6E-BCC4-4268-99C6-06E9BFA846CB} = {4E91C2DE-DD3A-472C-B04C-AFDC22777025}
		{7F071839-006E-48A4-A9B3-1AF25FC17FD9} = {4E91C2DE-DD3A-472C-B04C-AFDC22777025}
		{CB481FC6-67D1-43CF-B98A-D33002ECAA96} = {3EF4DAB4-FE91-4510-A379-13C3E442275A}
		{4CDF3B7C-65BE-4C68-A7DB-03A5A1F1A070} = {3EF4DAB4-FE91-4510-A379-13C3E442275A}
		{ADD171F6-6F9A-46C7-9FC5-6B0F081FC5EA} = {3EF4DAB4-FE91-4510-A379-13C3E442275A}
		{DF903D91-307B-4748-B9BE-A4D05A364E58} = {3EF4DAB4-FE91-4510-A379-13C3E442275A}
		{3226109A-A18C-437D-93A0-6463ABDC9AB6} = {3EF4DAB4-FE91-4510-A379-13C3E442275A}
		{012630E9-3DC5-4ED9-AB50-9AA989577EFE} = {4E91C2DE-DD3A-472C-B04C-AFDC22777025}
		{826DA415-90B2-4F2B-B593-003F029394D4} = {40CB25EA-DCAE-47E3-A360-694C12E12977}
		{10C357AD-426E-4908-B26D-47EA71F8B557} = {7F60A11E-EB0A-4715-96C6-FD09D653DBF7}
		{DC902505-CC85-4B49-856F-79F5013475AE} = {7F60A11E-EB0A-4715-96C6-FD09D653DBF7}
		{D0D7D433-3DA8-4AC9-A906-0007944A614A} = {7F60A11E-EB0A-4715-96C6-FD09D653DBF7}
		{DA1301F9-11D9-407F-A469-06FD59163E2D} = {FA50D8C4-D01C-4CD4-B29B-9F4A89C79F8E}
		{CB3F9695-99A4-4A22-9B13-09D2D811A1C1} = {FA50D8C4-D01C-4CD4-B29B-9F4A89C79F8E}
		{314B6E02-2D1C-4438-824A-25CCF18EBB1E} = {FA50D8C4-D01C-4CD4-B29B-9F4A89C79F8E}
		{9E4B7D18-EFA4-4B26-8BF9-F7EC85EE8EB8} = {98352AFB-64AF-456F-9E44-CB5CCB186F62}
		{BE5188D2-C7FE-4A08-AA1E-3E4DD0D33800} = {36B8150D-FD40-4558-B0E2-BB273016C981}
		{1F85B332-3217-42A0-B085-DEF886BA72CA} = {71490DA1-C6CA-417E-BC9F-A3AD0669A092}
	EndGlobalSection
EndGlobal
