
Microsoft Visual Studio Solution File, Format Version 12.00
# Visual Studio 15
VisualStudioVersion = 15.0.27130.2010
MinimumVisualStudioVersion = 10.0.40219.1
Project("{2150E333-8FDC-42A3-9474-1A3956D46DE8}") = "src", "src", "{1F97D5A4-285F-4962-8F8C-BCEF8278143B}"
EndProject
Project("{2150E333-8FDC-42A3-9474-1A3956D46DE8}") = "Solution Items", "Solution Items", "{EA7DA5A5-A451-4637-8D7F-E54727C68BD3}"
	ProjectSection(SolutionItems) = preProject
		Clean.cmd = Clean.cmd
		NuGet.Config = NuGet.Config
	EndProjectSection
EndProject
Project("{2150E333-8FDC-42A3-9474-1A3956D46DE8}") = "test", "test", "{ABC72801-895A-4C64-B795-B8CD5B56CEA8}"
EndProject
Project("{2150E333-8FDC-42A3-9474-1A3956D46DE8}") = "benchmark", "benchmark", "{4744CD6C-82C3-4D38-A708-3D301A74397F}"
EndProject
Project("{9A19103F-16F7-4668-BE54-9A1E7A4F7556}") = "GrEmit", "src\GrEmit\GrEmit.csproj", "{F52B5C6B-0E33-4CE5-8085-EC2133A8C29D}"
EndProject
Project("{9A19103F-16F7-4668-BE54-9A1E7A4F7556}") = "GrobExp.Compiler", "src\GrobExp.Compiler\GrobExp.Compiler.csproj", "{1EC204D3-2679-418E-BA19-659C6088F9D0}"
EndProject
Project("{9A19103F-16F7-4668-BE54-9A1E7A4F7556}") = "GrEmit.Tests", "test\GrEmit.Tests\GrEmit.Tests.csproj", "{E83C646B-B4C4-4B4A-BDE9-D5FFB9397E12}"
EndProject
Project("{9A19103F-16F7-4668-BE54-9A1E7A4F7556}") = "GrobExp.Compiler.Tests", "test\GrobExp.Compiler.Tests\GrobExp.Compiler.Tests.csproj", "{7EE07EEC-4793-4660-A1C8-37BF6DB3115E}"
EndProject
Project("{9A19103F-16F7-4668-BE54-9A1E7A4F7556}") = "GrobExp.Compiler.Benchmarks", "test\GrobExp.Compiler.Benchmarks\GrobExp.Compiler.Benchmarks.csproj", "{A6B6A711-BB73-4631-B7CE-F9EACF8F5113}"
EndProject
Global
	GlobalSection(SolutionConfigurationPlatforms) = preSolution
		Debug|Any CPU = Debug|Any CPU
		Release|Any CPU = Release|Any CPU
	EndGlobalSection
	GlobalSection(ProjectConfigurationPlatforms) = postSolution
		{F52B5C6B-0E33-4CE5-8085-EC2133A8C29D}.Debug|Any CPU.ActiveCfg = Debug|Any CPU
		{F52B5C6B-0E33-4CE5-8085-EC2133A8C29D}.Debug|Any CPU.Build.0 = Debug|Any CPU
		{F52B5C6B-0E33-4CE5-8085-EC2133A8C29D}.Release|Any CPU.ActiveCfg = Release|Any CPU
		{F52B5C6B-0E33-4CE5-8085-EC2133A8C29D}.Release|Any CPU.Build.0 = Release|Any CPU
		{1EC204D3-2679-418E-BA19-659C6088F9D0}.Debug|Any CPU.ActiveCfg = Debug|Any CPU
		{1EC204D3-2679-418E-BA19-659C6088F9D0}.Debug|Any CPU.Build.0 = Debug|Any CPU
		{1EC204D3-2679-418E-BA19-659C6088F9D0}.Release|Any CPU.ActiveCfg = Release|Any CPU
		{1EC204D3-2679-418E-BA19-659C6088F9D0}.Release|Any CPU.Build.0 = Release|Any CPU
		{E83C646B-B4C4-4B4A-BDE9-D5FFB9397E12}.Debug|Any CPU.ActiveCfg = Debug|Any CPU
		{E83C646B-B4C4-4B4A-BDE9-D5FFB9397E12}.Debug|Any CPU.Build.0 = Debug|Any CPU
		{E83C646B-B4C4-4B4A-BDE9-D5FFB9397E12}.Release|Any CPU.ActiveCfg = Release|Any CPU
		{E83C646B-B4C4-4B4A-BDE9-D5FFB9397E12}.Release|Any CPU.Build.0 = Release|Any CPU
		{7EE07EEC-4793-4660-A1C8-37BF6DB3115E}.Debug|Any CPU.ActiveCfg = Debug|Any CPU
		{7EE07EEC-4793-4660-A1C8-37BF6DB3115E}.Debug|Any CPU.Build.0 = Debug|Any CPU
		{7EE07EEC-4793-4660-A1C8-37BF6DB3115E}.Release|Any CPU.ActiveCfg = Release|Any CPU
		{7EE07EEC-4793-4660-A1C8-37BF6DB3115E}.Release|Any CPU.Build.0 = Release|Any CPU
		{A6B6A711-BB73-4631-B7CE-F9EACF8F5113}.Debug|Any CPU.ActiveCfg = Debug|Any CPU
		{A6B6A711-BB73-4631-B7CE-F9EACF8F5113}.Debug|Any CPU.Build.0 = Debug|Any CPU
		{A6B6A711-BB73-4631-B7CE-F9EACF8F5113}.Release|Any CPU.ActiveCfg = Release|Any CPU
		{A6B6A711-BB73-4631-B7CE-F9EACF8F5113}.Release|Any CPU.Build.0 = Release|Any CPU
	EndGlobalSection
	GlobalSection(SolutionProperties) = preSolution
		HideSolutionNode = FALSE
	EndGlobalSection
	GlobalSection(NestedProjects) = preSolution
		{F52B5C6B-0E33-4CE5-8085-EC2133A8C29D} = {1F97D5A4-285F-4962-8F8C-BCEF8278143B}
		{1EC204D3-2679-418E-BA19-659C6088F9D0} = {1F97D5A4-285F-4962-8F8C-BCEF8278143B}
		{E83C646B-B4C4-4B4A-BDE9-D5FFB9397E12} = {ABC72801-895A-4C64-B795-B8CD5B56CEA8}
		{7EE07EEC-4793-4660-A1C8-37BF6DB3115E} = {ABC72801-895A-4C64-B795-B8CD5B56CEA8}
		{A6B6A711-BB73-4631-B7CE-F9EACF8F5113} = {4744CD6C-82C3-4D38-A708-3D301A74397F}
	EndGlobalSection
	GlobalSection(ExtensibilityGlobals) = postSolution
		SolutionGuid = {93230366-D5C3-4397-83D3-ED46E43B8121}
	EndGlobalSection
EndGlobal
