
Microsoft Visual Studio Solution File, Format Version 12.00
# Visual Studio 15
VisualStudioVersion = 15.0.27130.2010
MinimumVisualStudioVersion = 10.0.40219.1
Project("{2150E333-8FDC-42A3-9474-1A3956D46DE8}") = "src", "src", "{1F97D5A4-285F-4962-8F8C-BCEF8278143B}"
EndProject
Project("{2150E333-8FDC-42A3-9474-1A3956D46DE8}") = "Solution Items", "Solution Items", "{EA7DA5A5-A451-4637-8D7F-E54727C68BD3}"
	ProjectSection(SolutionItems) = preProject
		Clean.cmd = Clean.cmd
		NuGet.Config = NuGet.Config
	EndProjectSection
EndProject
Project("{2150E333-8FDC-42A3-9474-1A3956D46DE8}") = "test", "test", "{ABC72801-895A-4C64-B795-B8CD5B56CEA8}"
EndProject
Project("{2150E333-8FDC-42A3-9474-1A3956D46DE8}") = "shared", "shared", "{4744CD6C-82C3-4D38-A708-3D301A74397F}"
EndProject
Project("{D954291E-2A0B-460D-934E-DC6B0785DB48}") = "CuteAnt.Extensions.Reflection.Sources", "..\CuteAnt.Extensions.Common\src\CuteAnt.Extensions.Reflection.Sources\CuteAnt.Extensions.Reflection.Sources.shproj", "{C7F8DBE6-77B7-494D-AF00-018F7579548C}"
EndProject
Project("{D954291E-2A0B-460D-934E-DC6B0785DB48}") = "CuteAnt.Extensions.ActivatorUtilities.Sources", "..\CuteAnt.Extensions.Common\src\CuteAnt.Extensions.ActivatorUtilities.Sources\CuteAnt.Extensions.ActivatorUtilities.Sources.shproj", "{7D02563F-82AA-4322-ACFD-04E3C7319E30}"
EndProject
Project("{D954291E-2A0B-460D-934E-DC6B0785DB48}") = "Microsoft.Extensions.ParameterDefaultValue.Sources", "..\CuteAnt.Extensions.Common\src\Microsoft.Extensions.ParameterDefaultValue.Sources\Microsoft.Extensions.ParameterDefaultValue.Sources.shproj", "{4D92B029-ED5D-4ECB-8A74-5E8C1AAF74EF}"
EndProject
Project("{D954291E-2A0B-460D-934E-DC6B0785DB48}") = "Nito.AsyncEx.ExceptionEnlightenment.Sources", "..\CuteAnt.Extensions.Common\src\Nito.AsyncEx.ExceptionEnlightenment.Sources\Nito.AsyncEx.ExceptionEnlightenment.Sources.shproj", "{D90E9B82-6317-4055-82E3-FE8625C143E9}"
EndProject
Project("{D954291E-2A0B-460D-934E-DC6B0785DB48}") = "CuteAnt.Extensions.DateTimeUtilities.Sources", "..\CuteAnt.Extensions.Common\src\CuteAnt.Extensions.DateTimeUtilities.Sources\CuteAnt.Extensions.DateTimeUtilities.Sources.shproj", "{F0DCBA0C-1EE9-403C-931C-555776F6C680}"
EndProject
Project("{D954291E-2A0B-460D-934E-DC6B0785DB48}") = "CuteAnt.Extensions.Logging.Sources", "..\CuteAnt.Extensions.Common\src\CuteAnt.Extensions.Logging.Sources\CuteAnt.Extensions.Logging.Sources.shproj", "{8DBB7DC8-2B90-4A8C-A60D-D41466174BDE}"
EndProject
Project("{D954291E-2A0B-460D-934E-DC6B0785DB48}") = "CuteAnt.Extensions.String.Sources", "..\CuteAnt.Extensions.Common\src\CuteAnt.Extensions.String.Sources\CuteAnt.Extensions.String.Sources.shproj", "{F9DFD05D-92C8-4CB3-8627-DABBB7DE21AB}"
EndProject
Project("{D954291E-2A0B-460D-934E-DC6B0785DB48}") = "CuteAnt.Extensions.ValidationHelper.Sources", "..\CuteAnt.Extensions.Common\src\CuteAnt.Extensions.ValidationHelper.Sources\CuteAnt.Extensions.ValidationHelper.Sources.shproj", "{3B59B888-7A45-4322-B5DD-3FADC4E74420}"
EndProject
Project("{D954291E-2A0B-460D-934E-DC6B0785DB48}") = "CuteAnt.Extensions.Collection.Sources", "..\CuteAnt.Extensions.Common\src\CuteAnt.Extensions.Collection.Sources\CuteAnt.Extensions.Collection.Sources.shproj", "{F1703A5F-A49F-4D68-8248-00506D756F07}"
EndProject
Project("{D954291E-2A0B-460D-934E-DC6B0785DB48}") = "CuteAnt.Extensions.FileSystem.Sources", "..\CuteAnt.Extensions.Common\src\CuteAnt.Extensions.FileSystem.Sources\CuteAnt.Extensions.FileSystem.Sources.shproj", "{FFB83579-C6E0-43A6-9BF3-84B184E5C25D}"
EndProject
Project("{D954291E-2A0B-460D-934E-DC6B0785DB48}") = "CuteAnt.Extensions.ReaderWriterLockSlim.Sources", "..\CuteAnt.Extensions.Common\src\CuteAnt.Extensions.ReaderWriterLockSlim.Sources\CuteAnt.Extensions.ReaderWriterLockSlim.Sources.shproj", "{65E9ED9B-9545-47D8-A39C-DA22C323ABB2}"
EndProject
Project("{9A19103F-16F7-4668-BE54-9A1E7A4F7556}") = "Polly", "src\Polly\Polly.csproj", "{8A5165F8-6495-46F9-874D-A61967E00FED}"
EndProject
Project("{9A19103F-16F7-4668-BE54-9A1E7A4F7556}") = "Polly.Specs", "test\Polly.Specs\Polly.Specs.csproj", "{2D246C2E-E7BE-459B-AA2C-281EFC70F699}"
EndProject
Project("{9A19103F-16F7-4668-BE54-9A1E7A4F7556}") = "Polly.Specs.Net40", "test\Polly.Specs.Net40\Polly.Specs.Net40.csproj", "{4FE2A29F-76F0-44F0-9462-348A0D7BC4A7}"
EndProject
Global
	GlobalSection(SharedMSBuildProjectFiles) = preSolution
		..\CuteAnt.Extensions.Common\src\CuteAnt.Extensions.ValidationHelper.Sources\CuteAnt.Extensions.ValidationHelper.Sources.projitems*{3b59b888-7a45-4322-b5dd-3fadc4e74420}*SharedItemsImports = 13
		..\CuteAnt.Extensions.Common\src\Microsoft.Extensions.ParameterDefaultValue.Sources\Microsoft.Extensions.ParameterDefaultValue.Sources.projitems*{4d92b029-ed5d-4ecb-8a74-5e8c1aaf74ef}*SharedItemsImports = 13
		..\CuteAnt.Extensions.Common\src\CuteAnt.Extensions.ReaderWriterLockSlim.Sources\CuteAnt.Extensions.ReaderWriterLockSlim.Sources.projitems*{65e9ed9b-9545-47d8-a39c-da22c323abb2}*SharedItemsImports = 13
		..\CuteAnt.Extensions.Common\src\CuteAnt.Extensions.ActivatorUtilities.Sources\CuteAnt.Extensions.ActivatorUtilities.Sources.projitems*{7d02563f-82aa-4322-acfd-04e3c7319e30}*SharedItemsImports = 13
		..\CuteAnt.Extensions.Common\src\CuteAnt.Extensions.Logging.Sources\CuteAnt.Extensions.Logging.Sources.projitems*{8dbb7dc8-2b90-4a8c-a60d-d41466174bde}*SharedItemsImports = 13
		..\CuteAnt.Extensions.Common\src\CuteAnt.Extensions.Reflection.Sources\CuteAnt.Extensions.Reflection.Sources.projitems*{c7f8dbe6-77b7-494d-af00-018f7579548c}*SharedItemsImports = 13
		..\CuteAnt.Extensions.Common\src\Nito.AsyncEx.ExceptionEnlightenment.Sources\Nito.AsyncEx.ExceptionEnlightenment.Sources.projitems*{d90e9b82-6317-4055-82e3-fe8625c143e9}*SharedItemsImports = 13
		..\CuteAnt.Extensions.Common\src\CuteAnt.Extensions.DateTimeUtilities.Sources\CuteAnt.Extensions.DateTimeUtilities.Sources.projitems*{f0dcba0c-1ee9-403c-931c-555776f6c680}*SharedItemsImports = 13
		..\CuteAnt.Extensions.Common\src\CuteAnt.Extensions.Collection.Sources\CuteAnt.Extensions.Collection.Sources.projitems*{f1703a5f-a49f-4d68-8248-00506d756f07}*SharedItemsImports = 13
		..\CuteAnt.Extensions.Common\src\CuteAnt.Extensions.String.Sources\CuteAnt.Extensions.String.Sources.projitems*{f9dfd05d-92c8-4cb3-8627-dabbb7de21ab}*SharedItemsImports = 13
		..\CuteAnt.Extensions.Common\src\CuteAnt.Extensions.FileSystem.Sources\CuteAnt.Extensions.FileSystem.Sources.projitems*{ffb83579-c6e0-43a6-9bf3-84b184e5c25d}*SharedItemsImports = 13
	EndGlobalSection
	GlobalSection(SolutionConfigurationPlatforms) = preSolution
		Debug|Any CPU = Debug|Any CPU
		Release|Any CPU = Release|Any CPU
	EndGlobalSection
	GlobalSection(ProjectConfigurationPlatforms) = postSolution
		{8A5165F8-6495-46F9-874D-A61967E00FED}.Debug|Any CPU.ActiveCfg = Debug|Any CPU
		{8A5165F8-6495-46F9-874D-A61967E00FED}.Debug|Any CPU.Build.0 = Debug|Any CPU
		{8A5165F8-6495-46F9-874D-A61967E00FED}.Release|Any CPU.ActiveCfg = Release|Any CPU
		{8A5165F8-6495-46F9-874D-A61967E00FED}.Release|Any CPU.Build.0 = Release|Any CPU
		{2D246C2E-E7BE-459B-AA2C-281EFC70F699}.Debug|Any CPU.ActiveCfg = Debug|Any CPU
		{2D246C2E-E7BE-459B-AA2C-281EFC70F699}.Debug|Any CPU.Build.0 = Debug|Any CPU
		{2D246C2E-E7BE-459B-AA2C-281EFC70F699}.Release|Any CPU.ActiveCfg = Release|Any CPU
		{2D246C2E-E7BE-459B-AA2C-281EFC70F699}.Release|Any CPU.Build.0 = Release|Any CPU
		{4FE2A29F-76F0-44F0-9462-348A0D7BC4A7}.Debug|Any CPU.ActiveCfg = Debug|Any CPU
		{4FE2A29F-76F0-44F0-9462-348A0D7BC4A7}.Debug|Any CPU.Build.0 = Debug|Any CPU
		{4FE2A29F-76F0-44F0-9462-348A0D7BC4A7}.Release|Any CPU.ActiveCfg = Release|Any CPU
		{4FE2A29F-76F0-44F0-9462-348A0D7BC4A7}.Release|Any CPU.Build.0 = Release|Any CPU
	EndGlobalSection
	GlobalSection(SolutionProperties) = preSolution
		HideSolutionNode = FALSE
	EndGlobalSection
	GlobalSection(NestedProjects) = preSolution
		{C7F8DBE6-77B7-494D-AF00-018F7579548C} = {4744CD6C-82C3-4D38-A708-3D301A74397F}
		{7D02563F-82AA-4322-ACFD-04E3C7319E30} = {4744CD6C-82C3-4D38-A708-3D301A74397F}
		{4D92B029-ED5D-4ECB-8A74-5E8C1AAF74EF} = {4744CD6C-82C3-4D38-A708-3D301A74397F}
		{D90E9B82-6317-4055-82E3-FE8625C143E9} = {4744CD6C-82C3-4D38-A708-3D301A74397F}
		{F0DCBA0C-1EE9-403C-931C-555776F6C680} = {4744CD6C-82C3-4D38-A708-3D301A74397F}
		{8DBB7DC8-2B90-4A8C-A60D-D41466174BDE} = {4744CD6C-82C3-4D38-A708-3D301A74397F}
		{F9DFD05D-92C8-4CB3-8627-DABBB7DE21AB} = {4744CD6C-82C3-4D38-A708-3D301A74397F}
		{3B59B888-7A45-4322-B5DD-3FADC4E74420} = {4744CD6C-82C3-4D38-A708-3D301A74397F}
		{F1703A5F-A49F-4D68-8248-00506D756F07} = {4744CD6C-82C3-4D38-A708-3D301A74397F}
		{FFB83579-C6E0-43A6-9BF3-84B184E5C25D} = {4744CD6C-82C3-4D38-A708-3D301A74397F}
		{65E9ED9B-9545-47D8-A39C-DA22C323ABB2} = {4744CD6C-82C3-4D38-A708-3D301A74397F}
		{8A5165F8-6495-46F9-874D-A61967E00FED} = {1F97D5A4-285F-4962-8F8C-BCEF8278143B}
		{2D246C2E-E7BE-459B-AA2C-281EFC70F699} = {ABC72801-895A-4C64-B795-B8CD5B56CEA8}
		{4FE2A29F-76F0-44F0-9462-348A0D7BC4A7} = {ABC72801-895A-4C64-B795-B8CD5B56CEA8}
	EndGlobalSection
	GlobalSection(ExtensibilityGlobals) = postSolution
		SolutionGuid = {93230366-D5C3-4397-83D3-ED46E43B8121}
	EndGlobalSection
EndGlobal
